// !$*UTF8*$!
{
	archiveVersion = 1;
	classes = {
	};
	objectVersion = 46;
	objects = {

/* Begin PBXBuildFile section */
		AE1052481B401DA000F7BD33 /* AppDelegate.swift in Sources */ = {isa = PBXBuildFile; fileRef = AE1052471B401DA000F7BD33 /* AppDelegate.swift */; };
		AE10524A1B401DA000F7BD33 /* ViewController.swift in Sources */ = {isa = PBXBuildFile; fileRef = AE1052491B401DA000F7BD33 /* ViewController.swift */; };
		AE10524D1B401DA000F7BD33 /* Main.storyboard in Resources */ = {isa = PBXBuildFile; fileRef = AE10524B1B401DA000F7BD33 /* Main.storyboard */; };
		AE10524F1B401DA000F7BD33 /* Assets.xcassets in Resources */ = {isa = PBXBuildFile; fileRef = AE10524E1B401DA000F7BD33 /* Assets.xcassets */; };
		AE1052521B401DA000F7BD33 /* LaunchScreen.storyboard in Resources */ = {isa = PBXBuildFile; fileRef = AE1052501B401DA000F7BD33 /* LaunchScreen.storyboard */; };
		AE10525D1B401DA000F7BD33 /* mowgliTests.swift in Sources */ = {isa = PBXBuildFile; fileRef = AE10525C1B401DA000F7BD33 /* mowgliTests.swift */; };
		AE1052681B401DA000F7BD33 /* mowgliUITests.swift in Sources */ = {isa = PBXBuildFile; fileRef = AE1052671B401DA000F7BD33 /* mowgliUITests.swift */; };
/* End PBXBuildFile section */

/* Begin PBXContainerItemProxy section */
		AE1052591B401DA000F7BD33 /* PBXContainerItemProxy */ = {
			isa = PBXContainerItemProxy;
			containerPortal = AE10523C1B401DA000F7BD33 /* Project object */;
			proxyType = 1;
			remoteGlobalIDString = AE1052431B401DA000F7BD33;
			remoteInfo = mowgli;
		};
		AE1052641B401DA000F7BD33 /* PBXContainerItemProxy */ = {
			isa = PBXContainerItemProxy;
			containerPortal = AE10523C1B401DA000F7BD33 /* Project object */;
			proxyType = 1;
			remoteGlobalIDString = AE1052431B401DA000F7BD33;
			remoteInfo = mowgli;
		};
/* End PBXContainerItemProxy section */

/* Begin PBXFileReference section */
		AE1052441B401DA000F7BD33 /* mowgli.app */ = {isa = PBXFileReference; explicitFileType = wrapper.application; includeInIndex = 0; path = mowgli.app; sourceTree = BUILT_PRODUCTS_DIR; };
		AE1052471B401DA000F7BD33 /* AppDelegate.swift */ = {isa = PBXFileReference; lastKnownFileType = sourcecode.swift; path = AppDelegate.swift; sourceTree = "<group>"; };
		AE1052491B401DA000F7BD33 /* ViewController.swift */ = {isa = PBXFileReference; lastKnownFileType = sourcecode.swift; path = ViewController.swift; sourceTree = "<group>"; };
		AE10524C1B401DA000F7BD33 /* Base */ = {isa = PBXFileReference; lastKnownFileType = file.storyboard; name = Base; path = Base.lproj/Main.storyboard; sourceTree = "<group>"; };
		AE10524E1B401DA000F7BD33 /* Assets.xcassets */ = {isa = PBXFileReference; lastKnownFileType = folder.assetcatalog; path = Assets.xcassets; sourceTree = "<group>"; };
		AE1052511B401DA000F7BD33 /* Base */ = {isa = PBXFileReference; lastKnownFileType = file.storyboard; name = Base; path = Base.lproj/LaunchScreen.storyboard; sourceTree = "<group>"; };
		AE1052531B401DA000F7BD33 /* Info.plist */ = {isa = PBXFileReference; lastKnownFileType = text.plist.xml; path = Info.plist; sourceTree = "<group>"; };
		AE1052581B401DA000F7BD33 /* mowgliTests.xctest */ = {isa = PBXFileReference; explicitFileType = wrapper.cfbundle; includeInIndex = 0; path = mowgliTests.xctest; sourceTree = BUILT_PRODUCTS_DIR; };
		AE10525C1B401DA000F7BD33 /* mowgliTests.swift */ = {isa = PBXFileReference; lastKnownFileType = sourcecode.swift; path = mowgliTests.swift; sourceTree = "<group>"; };
		AE10525E1B401DA000F7BD33 /* Info.plist */ = {isa = PBXFileReference; lastKnownFileType = text.plist.xml; path = Info.plist; sourceTree = "<group>"; };
		AE1052631B401DA000F7BD33 /* mowgliUITests.xctest */ = {isa = PBXFileReference; explicitFileType = wrapper.cfbundle; includeInIndex = 0; path = mowgliUITests.xctest; sourceTree = BUILT_PRODUCTS_DIR; };
		AE1052671B401DA000F7BD33 /* mowgliUITests.swift */ = {isa = PBXFileReference; lastKnownFileType = sourcecode.swift; path = mowgliUITests.swift; sourceTree = "<group>"; };
		AE1052691B401DA000F7BD33 /* Info.plist */ = {isa = PBXFileReference; lastKnownFileType = text.plist.xml; path = Info.plist; sourceTree = "<group>"; };
/* End PBXFileReference section */

/* Begin PBXFrameworksBuildPhase section */
		AE1052411B401DA000F7BD33 /* Frameworks */ = {
			isa = PBXFrameworksBuildPhase;
			buildActionMask = 2147483647;
			files = (
			);
			runOnlyForDeploymentPostprocessing = 0;
		};
		AE1052551B401DA000F7BD33 /* Frameworks */ = {
			isa = PBXFrameworksBuildPhase;
			buildActionMask = 2147483647;
			files = (
			);
			runOnlyForDeploymentPostprocessing = 0;
		};
		AE1052601B401DA000F7BD33 /* Frameworks */ = {
			isa = PBXFrameworksBuildPhase;
			buildActionMask = 2147483647;
			files = (
			);
			runOnlyForDeploymentPostprocessing = 0;
		};
/* End PBXFrameworksBuildPhase section */

/* Begin PBXGroup section */
		AE10523B1B401DA000F7BD33 = {
			isa = PBXGroup;
			children = (
				AE1052461B401DA000F7BD33 /* mowgli */,
				AE10525B1B401DA000F7BD33 /* mowgliTests */,
				AE1052661B401DA000F7BD33 /* mowgliUITests */,
				AE1052451B401DA000F7BD33 /* Products */,
			);
			sourceTree = "<group>";
		};
		AE1052451B401DA000F7BD33 /* Products */ = {
			isa = PBXGroup;
			children = (
				AE1052441B401DA000F7BD33 /* mowgli.app */,
				AE1052581B401DA000F7BD33 /* mowgliTests.xctest */,
				AE1052631B401DA000F7BD33 /* mowgliUITests.xctest */,
			);
			name = Products;
			sourceTree = "<group>";
		};
		AE1052461B401DA000F7BD33 /* mowgli */ = {
			isa = PBXGroup;
			children = (
				AE1052471B401DA000F7BD33 /* AppDelegate.swift */,
				AE1052491B401DA000F7BD33 /* ViewController.swift */,
				AE10524B1B401DA000F7BD33 /* Main.storyboard */,
				AE10524E1B401DA000F7BD33 /* Assets.xcassets */,
				AE1052501B401DA000F7BD33 /* LaunchScreen.storyboard */,
				AE1052531B401DA000F7BD33 /* Info.plist */,
			);
			path = mowgli;
			sourceTree = "<group>";
		};
		AE10525B1B401DA000F7BD33 /* mowgliTests */ = {
			isa = PBXGroup;
			children = (
				AE10525C1B401DA000F7BD33 /* mowgliTests.swift */,
				AE10525E1B401DA000F7BD33 /* Info.plist */,
			);
			path = mowgliTests;
			sourceTree = "<group>";
		};
		AE1052661B401DA000F7BD33 /* mowgliUITests */ = {
			isa = PBXGroup;
			children = (
				AE1052671B401DA000F7BD33 /* mowgliUITests.swift */,
				AE1052691B401DA000F7BD33 /* Info.plist */,
			);
			path = mowgliUITests;
			sourceTree = "<group>";
		};
/* End PBXGroup section */

/* Begin PBXNativeTarget section */
		AE1052431B401DA000F7BD33 /* mowgli */ = {
			isa = PBXNativeTarget;
			buildConfigurationList = AE10526C1B401DA000F7BD33 /* Build configuration list for PBXNativeTarget "mowgli" */;
			buildPhases = (
				AE1052401B401DA000F7BD33 /* Sources */,
				AE1052411B401DA000F7BD33 /* Frameworks */,
				AE1052421B401DA000F7BD33 /* Resources */,
			);
			buildRules = (
			);
			dependencies = (
			);
			name = mowgli;
			productName = mowgli;
			productReference = AE1052441B401DA000F7BD33 /* mowgli.app */;
			productType = "com.apple.product-type.application";
		};
		AE1052571B401DA000F7BD33 /* mowgliTests */ = {
			isa = PBXNativeTarget;
			buildConfigurationList = AE10526F1B401DA000F7BD33 /* Build configuration list for PBXNativeTarget "mowgliTests" */;
			buildPhases = (
				AE1052541B401DA000F7BD33 /* Sources */,
				AE1052551B401DA000F7BD33 /* Frameworks */,
				AE1052561B401DA000F7BD33 /* Resources */,
			);
			buildRules = (
			);
			dependencies = (
				AE10525A1B401DA000F7BD33 /* PBXTargetDependency */,
			);
			name = mowgliTests;
			productName = mowgliTests;
			productReference = AE1052581B401DA000F7BD33 /* mowgliTests.xctest */;
			productType = "com.apple.product-type.bundle.unit-test";
		};
		AE1052621B401DA000F7BD33 /* mowgliUITests */ = {
			isa = PBXNativeTarget;
			buildConfigurationList = AE1052721B401DA000F7BD33 /* Build configuration list for PBXNativeTarget "mowgliUITests" */;
			buildPhases = (
				AE10525F1B401DA000F7BD33 /* Sources */,
				AE1052601B401DA000F7BD33 /* Frameworks */,
				AE1052611B401DA000F7BD33 /* Resources */,
			);
			buildRules = (
			);
			dependencies = (
				AE1052651B401DA000F7BD33 /* PBXTargetDependency */,
			);
			name = mowgliUITests;
			productName = mowgliUITests;
			productReference = AE1052631B401DA000F7BD33 /* mowgliUITests.xctest */;
			productType = "com.apple.product-type.bundle.ui-testing";
		};
/* End PBXNativeTarget section */

/* Begin PBXProject section */
		AE10523C1B401DA000F7BD33 /* Project object */ = {
			isa = PBXProject;
			attributes = {
				LastUpgradeCheck = 0700;
				ORGANIZATIONNAME = metodowhite;
				TargetAttributes = {
					AE1052431B401DA000F7BD33 = {
						CreatedOnToolsVersion = 7.0;
					};
					AE1052571B401DA000F7BD33 = {
						CreatedOnToolsVersion = 7.0;
						TestTargetID = AE1052431B401DA000F7BD33;
					};
					AE1052621B401DA000F7BD33 = {
						CreatedOnToolsVersion = 7.0;
						TestTargetID = AE1052431B401DA000F7BD33;
					};
				};
			};
			buildConfigurationList = AE10523F1B401DA000F7BD33 /* Build configuration list for PBXProject "mowgli" */;
			compatibilityVersion = "Xcode 3.2";
			developmentRegion = English;
			hasScannedForEncodings = 0;
			knownRegions = (
				en,
				Base,
			);
			mainGroup = AE10523B1B401DA000F7BD33;
			productRefGroup = AE1052451B401DA000F7BD33 /* Products */;
			projectDirPath = "";
			projectRoot = "";
			targets = (
				AE1052431B401DA000F7BD33 /* mowgli */,
				AE1052571B401DA000F7BD33 /* mowgliTests */,
				AE1052621B401DA000F7BD33 /* mowgliUITests */,
			);
		};
/* End PBXProject section */

/* Begin PBXResourcesBuildPhase section */
		AE1052421B401DA000F7BD33 /* Resources */ = {
			isa = PBXResourcesBuildPhase;
			buildActionMask = 2147483647;
			files = (
				AE1052521B401DA000F7BD33 /* LaunchScreen.storyboard in Resources */,
				AE10524F1B401DA000F7BD33 /* Assets.xcassets in Resources */,
				AE10524D1B401DA000F7BD33 /* Main.storyboard in Resources */,
			);
			runOnlyForDeploymentPostprocessing = 0;
		};
		AE1052561B401DA000F7BD33 /* Resources */ = {
			isa = PBXResourcesBuildPhase;
			buildActionMask = 2147483647;
			files = (
			);
			runOnlyForDeploymentPostprocessing = 0;
		};
		AE1052611B401DA000F7BD33 /* Resources */ = {
			isa = PBXResourcesBuildPhase;
			buildActionMask = 2147483647;
			files = (
			);
			runOnlyForDeploymentPostprocessing = 0;
		};
/* End PBXResourcesBuildPhase section */

/* Begin PBXSourcesBuildPhase section */
		AE1052401B401DA000F7BD33 /* Sources */ = {
			isa = PBXSourcesBuildPhase;
			buildActionMask = 2147483647;
			files = (
				AE10524A1B401DA000F7BD33 /* ViewController.swift in Sources */,
				AE1052481B401DA000F7BD33 /* AppDelegate.swift in Sources */,
			);
			runOnlyForDeploymentPostprocessing = 0;
		};
		AE1052541B401DA000F7BD33 /* Sources */ = {
			isa = PBXSourcesBuildPhase;
			buildActionMask = 2147483647;
			files = (
				AE10525D1B401DA000F7BD33 /* mowgliTests.swift in Sources */,
			);
			runOnlyForDeploymentPostprocessing = 0;
		};
		AE10525F1B401DA000F7BD33 /* Sources */ = {
			isa = PBXSourcesBuildPhase;
			buildActionMask = 2147483647;
			files = (
				AE1052681B401DA000F7BD33 /* mowgliUITests.swift in Sources */,
			);
			runOnlyForDeploymentPostprocessing = 0;
		};
/* End PBXSourcesBuildPhase section */

/* Begin PBXTargetDependency section */
		AE10525A1B401DA000F7BD33 /* PBXTargetDependency */ = {
			isa = PBXTargetDependency;
			target = AE1052431B401DA000F7BD33 /* mowgli */;
			targetProxy = AE1052591B401DA000F7BD33 /* PBXContainerItemProxy */;
		};
		AE1052651B401DA000F7BD33 /* PBXTargetDependency */ = {
			isa = PBXTargetDependency;
			target = AE1052431B401DA000F7BD33 /* mowgli */;
			targetProxy = AE1052641B401DA000F7BD33 /* PBXContainerItemProxy */;
		};
/* End PBXTargetDependency section */

/* Begin PBXVariantGroup section */
		AE10524B1B401DA000F7BD33 /* Main.storyboard */ = {
			isa = PBXVariantGroup;
			children = (
				AE10524C1B401DA000F7BD33 /* Base */,
			);
			name = Main.storyboard;
			sourceTree = "<group>";
		};
		AE1052501B401DA000F7BD33 /* LaunchScreen.storyboard */ = {
			isa = PBXVariantGroup;
			children = (
				AE1052511B401DA000F7BD33 /* Base */,
			);
			name = LaunchScreen.storyboard;
			sourceTree = "<group>";
		};
/* End PBXVariantGroup section */

/* Begin XCBuildConfiguration section */
		AE10526A1B401DA000F7BD33 /* Debug */ = {
			isa = XCBuildConfiguration;
			buildSettings = {
				ALWAYS_SEARCH_USER_PATHS = NO;
				CLANG_CXX_LANGUAGE_STANDARD = "gnu++0x";
				CLANG_CXX_LIBRARY = "libc++";
				CLANG_ENABLE_MODULES = YES;
				CLANG_ENABLE_OBJC_ARC = YES;
				CLANG_WARN_BOOL_CONVERSION = YES;
				CLANG_WARN_CONSTANT_CONVERSION = YES;
				CLANG_WARN_DIRECT_OBJC_ISA_USAGE = YES_ERROR;
				CLANG_WARN_EMPTY_BODY = YES;
				CLANG_WARN_ENUM_CONVERSION = YES;
				CLANG_WARN_INT_CONVERSION = YES;
				CLANG_WARN_OBJC_ROOT_CLASS = YES_ERROR;
				CLANG_WARN_UNREACHABLE_CODE = YES;
				CLANG_WARN__DUPLICATE_METHOD_MATCH = YES;
				"CODE_SIGN_IDENTITY[sdk=iphoneos*]" = "iPhone Developer";
				COPY_PHASE_STRIP = NO;
				DEBUG_INFORMATION_FORMAT = dwarf;
				ENABLE_STRICT_OBJC_MSGSEND = YES;
				ENABLE_TESTABILITY = YES;
				GCC_C_LANGUAGE_STANDARD = gnu99;
				GCC_DYNAMIC_NO_PIC = NO;
				GCC_NO_COMMON_BLOCKS = YES;
				GCC_OPTIMIZATION_LEVEL = 0;
				GCC_PREPROCESSOR_DEFINITIONS = (
					"DEBUG=1",
					"$(inherited)",
				);
				GCC_WARN_64_TO_32_BIT_CONVERSION = YES;
				GCC_WARN_ABOUT_RETURN_TYPE = YES_ERROR;
				GCC_WARN_UNDECLARED_SELECTOR = YES;
				GCC_WARN_UNINITIALIZED_AUTOS = YES_AGGRESSIVE;
				GCC_WARN_UNUSED_FUNCTION = YES;
				GCC_WARN_UNUSED_VARIABLE = YES;
				IPHONEOS_DEPLOYMENT_TARGET = 9.0;
				MTL_ENABLE_DEBUG_INFO = YES;
				ONLY_ACTIVE_ARCH = YES;
				SDKROOT = iphoneos;
				SWIFT_OPTIMIZATION_LEVEL = "-Onone";
				TARGETED_DEVICE_FAMILY = "1,2";
			};
			name = Debug;
		};
		AE10526B1B401DA000F7BD33 /* Release */ = {
			isa = XCBuildConfiguration;
			buildSettings = {
				ALWAYS_SEARCH_USER_PATHS = NO;
				CLANG_CXX_LANGUAGE_STANDARD = "gnu++0x";
				CLANG_CXX_LIBRARY = "libc++";
				CLANG_ENABLE_MODULES = YES;
				CLANG_ENABLE_OBJC_ARC = YES;
				CLANG_WARN_BOOL_CONVERSION = YES;
				CLANG_WARN_CONSTANT_CONVERSION = YES;
				CLANG_WARN_DIRECT_OBJC_ISA_USAGE = YES_ERROR;
				CLANG_WARN_EMPTY_BODY = YES;
				CLANG_WARN_ENUM_CONVERSION = YES;
				CLANG_WARN_INT_CONVERSION = YES;
				CLANG_WARN_OBJC_ROOT_CLASS = YES_ERROR;
				CLANG_WARN_UNREACHABLE_CODE = YES;
				CLANG_WARN__DUPLICATE_METHOD_MATCH = YES;
				"CODE_SIGN_IDENTITY[sdk=iphoneos*]" = "iPhone Developer";
				COPY_PHASE_STRIP = NO;
				DEBUG_INFORMATION_FORMAT = "dwarf-with-dsym";
				ENABLE_NS_ASSERTIONS = NO;
				ENABLE_STRICT_OBJC_MSGSEND = YES;
				GCC_C_LANGUAGE_STANDARD = gnu99;
				GCC_NO_COMMON_BLOCKS = YES;
				GCC_WARN_64_TO_32_BIT_CONVERSION = YES;
				GCC_WARN_ABOUT_RETURN_TYPE = YES_ERROR;
				GCC_WARN_UNDECLARED_SELECTOR = YES;
				GCC_WARN_UNINITIALIZED_AUTOS = YES_AGGRESSIVE;
				GCC_WARN_UNUSED_FUNCTION = YES;
				GCC_WARN_UNUSED_VARIABLE = YES;
				IPHONEOS_DEPLOYMENT_TARGET = 9.0;
				MTL_ENABLE_DEBUG_INFO = NO;
				SDKROOT = iphoneos;
				TARGETED_DEVICE_FAMILY = "1,2";
				VALIDATE_PRODUCT = YES;
			};
			name = Release;
		};
		AE10526D1B401DA000F7BD33 /* Debug */ = {
			isa = XCBuildConfiguration;
			buildSettings = {
				ASSETCATALOG_COMPILER_APPICON_NAME = AppIcon;
				INFOPLIST_FILE = mowgli/Info.plist;
				LD_RUNPATH_SEARCH_PATHS = "$(inherited) @executable_path/Frameworks";
				PRODUCT_BUNDLE_IDENTIFIER = com.metodowhite.mowgli;
				PRODUCT_NAME = "$(TARGET_NAME)";
			};
			name = Debug;
		};
		AE10526E1B401DA000F7BD33 /* Release */ = {
			isa = XCBuildConfiguration;
			buildSettings = {
				ASSETCATALOG_COMPILER_APPICON_NAME = AppIcon;
				INFOPLIST_FILE = mowgli/Info.plist;
				LD_RUNPATH_SEARCH_PATHS = "$(inherited) @executable_path/Frameworks";
				PRODUCT_BUNDLE_IDENTIFIER = com.metodowhite.mowgli;
				PRODUCT_NAME = "$(TARGET_NAME)";
			};
			name = Release;
		};
		AE1052701B401DA000F7BD33 /* Debug */ = {
			isa = XCBuildConfiguration;
			buildSettings = {
				BUNDLE_LOADER = "$(TEST_HOST)";
				INFOPLIST_FILE = mowgliTests/Info.plist;
				LD_RUNPATH_SEARCH_PATHS = "$(inherited) @executable_path/Frameworks @loader_path/Frameworks";
				PRODUCT_BUNDLE_IDENTIFIER = com.metodowhite.mowgliTests;
				PRODUCT_NAME = "$(TARGET_NAME)";
				TEST_HOST = "$(BUILT_PRODUCTS_DIR)/mowgli.app/mowgli";
			};
			name = Debug;
		};
		AE1052711B401DA000F7BD33 /* Release */ = {
			isa = XCBuildConfiguration;
			buildSettings = {
				BUNDLE_LOADER = "$(TEST_HOST)";
				INFOPLIST_FILE = mowgliTests/Info.plist;
				LD_RUNPATH_SEARCH_PATHS = "$(inherited) @executable_path/Frameworks @loader_path/Frameworks";
				PRODUCT_BUNDLE_IDENTIFIER = com.metodowhite.mowgliTests;
				PRODUCT_NAME = "$(TARGET_NAME)";
				TEST_HOST = "$(BUILT_PRODUCTS_DIR)/mowgli.app/mowgli";
			};
			name = Release;
		};
		AE1052731B401DA000F7BD33 /* Debug */ = {
			isa = XCBuildConfiguration;
			buildSettings = {
				INFOPLIST_FILE = mowgliUITests/Info.plist;
				LD_RUNPATH_SEARCH_PATHS = "$(inherited) @executable_path/Frameworks @loader_path/Frameworks";
				PRODUCT_BUNDLE_IDENTIFIER = com.metodowhite.mowgliUITests;
				PRODUCT_NAME = "$(TARGET_NAME)";
				TEST_TARGET_NAME = mowgli;
				USES_XCTRUNNER = YES;
			};
			name = Debug;
		};
		AE1052741B401DA000F7BD33 /* Release */ = {
			isa = XCBuildConfiguration;
			buildSettings = {
				INFOPLIST_FILE = mowgliUITests/Info.plist;
				LD_RUNPATH_SEARCH_PATHS = "$(inherited) @executable_path/Frameworks @loader_path/Frameworks";
				PRODUCT_BUNDLE_IDENTIFIER = com.metodowhite.mowgliUITests;
				PRODUCT_NAME = "$(TARGET_NAME)";
				TEST_TARGET_NAME = mowgli;
				USES_XCTRUNNER = YES;
			};
			name = Release;
		};
/* End XCBuildConfiguration section */

/* Begin XCConfigurationList section */
		AE10523F1B401DA000F7BD33 /* Build configuration list for PBXProject "mowgli" */ = {
			isa = XCConfigurationList;
			buildConfigurations = (
				AE10526A1B401DA000F7BD33 /* Debug */,
				AE10526B1B401DA000F7BD33 /* Release */,
			);
			defaultConfigurationIsVisible = 0;
			defaultConfigurationName = Release;
		};
		AE10526C1B401DA000F7BD33 /* Build configuration list for PBXNativeTarget "mowgli" */ = {
			isa = XCConfigurationList;
			buildConfigurations = (
				AE10526D1B401DA000F7BD33 /* Debug */,
				AE10526E1B401DA000F7BD33 /* Release */,
			);
			defaultConfigurationIsVisible = 0;
		};
		AE10526F1B401DA000F7BD33 /* Build configuration list for PBXNativeTarget "mowgliTests" */ = {
			isa = XCConfigurationList;
			buildConfigurations = (
				AE1052701B401DA000F7BD33 /* Debug */,
				AE1052711B401DA000F7BD33 /* Release */,
			);
			defaultConfigurationIsVisible = 0;
		};
		AE1052721B401DA000F7BD33 /* Build configuration list for PBXNativeTarget "mowgliUITests" */ = {
			isa = XCConfigurationList;
			buildConfigurations = (
				AE1052731B401DA000F7BD33 /* Debug */,
				AE1052741B401DA000F7BD33 /* Release */,
			);
			defaultConfigurationIsVisible = 0;
		};
/* End XCConfigurationList section */
	};
	rootObject = AE10523C1B401DA000F7BD33 /* Project object */;
}
