// !$*UTF8*$!
{
	archiveVersion = 1;
	classes = {
	};
	objectVersion = 46;
	objects = {

/* Begin PBXBuildFile section */
		9A210B41293FEE6610C576D9 /* Pods.framework in Frameworks */ = {isa = PBXBuildFile; fileRef = E33B9B371BA8C921CCAAE782 /* Pods.framework */; settings = {ATTRIBUTES = (Weak, ); }; };
		AE1052481B401DA000F7BD33 /* AppDelegate.swift in Sources */ = {isa = PBXBuildFile; fileRef = AE1052471B401DA000F7BD33 /* AppDelegate.swift */; };
		AE10524D1B401DA000F7BD33 /* Main.storyboard in Resources */ = {isa = PBXBuildFile; fileRef = AE10524B1B401DA000F7BD33 /* Main.storyboard */; };
		AE10524F1B401DA000F7BD33 /* Assets.xcassets in Resources */ = {isa = PBXBuildFile; fileRef = AE10524E1B401DA000F7BD33 /* Assets.xcassets */; };
		AE1052521B401DA000F7BD33 /* LaunchScreen.storyboard in Resources */ = {isa = PBXBuildFile; fileRef = AE1052501B401DA000F7BD33 /* LaunchScreen.storyboard */; };
		AE10525D1B401DA000F7BD33 /* mowgliTests.swift in Sources */ = {isa = PBXBuildFile; fileRef = AE10525C1B401DA000F7BD33 /* mowgliTests.swift */; };
		AE1052681B401DA000F7BD33 /* mowgliUITests.swift in Sources */ = {isa = PBXBuildFile; fileRef = AE1052671B401DA000F7BD33 /* mowgliUITests.swift */; };
		AE1052761B402EE600F7BD33 /* MoviesViewController.swift in Sources */ = {isa = PBXBuildFile; fileRef = AE1052751B402EE600F7BD33 /* MoviesViewController.swift */; };
		AE1052781B40304C00F7BD33 /* MoviesPresenter.swift in Sources */ = {isa = PBXBuildFile; fileRef = AE1052771B40304C00F7BD33 /* MoviesPresenter.swift */; };
		AE10527A1B40340C00F7BD33 /* MoviesCoordinator.swift in Sources */ = {isa = PBXBuildFile; fileRef = AE1052791B40340C00F7BD33 /* MoviesCoordinator.swift */; };
		AE10527E1B40372900F7BD33 /* Movie.swift in Sources */ = {isa = PBXBuildFile; fileRef = AE10527D1B40372900F7BD33 /* Movie.swift */; };
		AEA1C96C1B403E4500D46D97 /* MovieCell.swift in Sources */ = {isa = PBXBuildFile; fileRef = AEA1C96B1B403E4500D46D97 /* MovieCell.swift */; };
		AF1B79C51B506A06007186DC /* ApplicationConfing.swift in Sources */ = {isa = PBXBuildFile; fileRef = AF1B79C41B506A06007186DC /* ApplicationConfing.swift */; };
/* End PBXBuildFile section */

/* Begin PBXContainerItemProxy section */
		AE1052591B401DA000F7BD33 /* PBXContainerItemProxy */ = {
			isa = PBXContainerItemProxy;
			containerPortal = AE10523C1B401DA000F7BD33 /* Project object */;
			proxyType = 1;
			remoteGlobalIDString = AE1052431B401DA000F7BD33;
			remoteInfo = mowgli;
		};
		AE1052641B401DA000F7BD33 /* PBXContainerItemProxy */ = {
			isa = PBXContainerItemProxy;
			containerPortal = AE10523C1B401DA000F7BD33 /* Project object */;
			proxyType = 1;
			remoteGlobalIDString = AE1052431B401DA000F7BD33;
			remoteInfo = mowgli;
		};
/* End PBXContainerItemProxy section */

/* Begin PBXFileReference section */
		5F9A3C1269728C39503BAFA8 /* Pods.debug.xcconfig */ = {isa = PBXFileReference; includeInIndex = 1; lastKnownFileType = text.xcconfig; name = Pods.debug.xcconfig; path = "Pods/Target Support Files/Pods/Pods.debug.xcconfig"; sourceTree = "<group>"; };
		98F418294CE1AD1962E21155 /* Pods.release.xcconfig */ = {isa = PBXFileReference; includeInIndex = 1; lastKnownFileType = text.xcconfig; name = Pods.release.xcconfig; path = "Pods/Target Support Files/Pods/Pods.release.xcconfig"; sourceTree = "<group>"; };
		AE1052441B401DA000F7BD33 /* mowgli.app */ = {isa = PBXFileReference; explicitFileType = wrapper.application; includeInIndex = 0; path = mowgli.app; sourceTree = BUILT_PRODUCTS_DIR; };
		AE1052471B401DA000F7BD33 /* AppDelegate.swift */ = {isa = PBXFileReference; lastKnownFileType = sourcecode.swift; path = AppDelegate.swift; sourceTree = "<group>"; };
		AE10524C1B401DA000F7BD33 /* Base */ = {isa = PBXFileReference; lastKnownFileType = file.storyboard; name = Base; path = Base.lproj/Main.storyboard; sourceTree = "<group>"; };
		AE10524E1B401DA000F7BD33 /* Assets.xcassets */ = {isa = PBXFileReference; lastKnownFileType = folder.assetcatalog; path = Assets.xcassets; sourceTree = "<group>"; };
		AE1052511B401DA000F7BD33 /* Base */ = {isa = PBXFileReference; lastKnownFileType = file.storyboard; name = Base; path = Base.lproj/LaunchScreen.storyboard; sourceTree = "<group>"; };
		AE1052531B401DA000F7BD33 /* Info.plist */ = {isa = PBXFileReference; lastKnownFileType = text.plist.xml; path = Info.plist; sourceTree = "<group>"; };
		AE1052581B401DA000F7BD33 /* mowgliTests.xctest */ = {isa = PBXFileReference; explicitFileType = wrapper.cfbundle; includeInIndex = 0; path = mowgliTests.xctest; sourceTree = BUILT_PRODUCTS_DIR; };
		AE10525C1B401DA000F7BD33 /* mowgliTests.swift */ = {isa = PBXFileReference; lastKnownFileType = sourcecode.swift; path = mowgliTests.swift; sourceTree = "<group>"; };
		AE10525E1B401DA000F7BD33 /* Info.plist */ = {isa = PBXFileReference; lastKnownFileType = text.plist.xml; path = Info.plist; sourceTree = "<group>"; };
		AE1052631B401DA000F7BD33 /* mowgliUITests.xctest */ = {isa = PBXFileReference; explicitFileType = wrapper.cfbundle; includeInIndex = 0; path = mowgliUITests.xctest; sourceTree = BUILT_PRODUCTS_DIR; };
		AE1052671B401DA000F7BD33 /* mowgliUITests.swift */ = {isa = PBXFileReference; lastKnownFileType = sourcecode.swift; path = mowgliUITests.swift; sourceTree = "<group>"; };
		AE1052691B401DA000F7BD33 /* Info.plist */ = {isa = PBXFileReference; lastKnownFileType = text.plist.xml; path = Info.plist; sourceTree = "<group>"; };
		AE1052751B402EE600F7BD33 /* MoviesViewController.swift */ = {isa = PBXFileReference; fileEncoding = 4; lastKnownFileType = sourcecode.swift; name = MoviesViewController.swift; path = ../../mowgli/MoviesViewController.swift; sourceTree = "<group>"; };
		AE1052771B40304C00F7BD33 /* MoviesPresenter.swift */ = {isa = PBXFileReference; fileEncoding = 4; lastKnownFileType = sourcecode.swift; path = MoviesPresenter.swift; sourceTree = "<group>"; };
		AE1052791B40340C00F7BD33 /* MoviesCoordinator.swift */ = {isa = PBXFileReference; fileEncoding = 4; lastKnownFileType = sourcecode.swift; path = MoviesCoordinator.swift; sourceTree = "<group>"; };
		AE10527D1B40372900F7BD33 /* Movie.swift */ = {isa = PBXFileReference; fileEncoding = 4; lastKnownFileType = sourcecode.swift; path = Movie.swift; sourceTree = "<group>"; };
		AEA1C96B1B403E4500D46D97 /* MovieCell.swift */ = {isa = PBXFileReference; fileEncoding = 4; lastKnownFileType = sourcecode.swift; name = MovieCell.swift; path = ../../mowgli/MovieCell.swift; sourceTree = "<group>"; };
		AF1B79C41B506A06007186DC /* ApplicationConfing.swift */ = {isa = PBXFileReference; fileEncoding = 4; lastKnownFileType = sourcecode.swift; path = ApplicationConfing.swift; sourceTree = "<group>"; };
		AF1B79C81B506A8C007186DC /* mowgli-Bridging-Header.h */ = {isa = PBXFileReference; lastKnownFileType = sourcecode.c.h; name = "mowgli-Bridging-Header.h"; path = "../Mowgli/Config/mowgli-Bridging-Header.h"; sourceTree = "<group>"; };
		E33B9B371BA8C921CCAAE782 /* Pods.framework */ = {isa = PBXFileReference; explicitFileType = wrapper.framework; includeInIndex = 0; path = Pods.framework; sourceTree = BUILT_PRODUCTS_DIR; };
/* End PBXFileReference section */

/* Begin PBXFrameworksBuildPhase section */
		AE1052411B401DA000F7BD33 /* Frameworks */ = {
			isa = PBXFrameworksBuildPhase;
			buildActionMask = 2147483647;
			files = (
				9A210B41293FEE6610C576D9 /* Pods.framework in Frameworks */,
			);
			runOnlyForDeploymentPostprocessing = 0;
		};
		AE1052551B401DA000F7BD33 /* Frameworks */ = {
			isa = PBXFrameworksBuildPhase;
			buildActionMask = 2147483647;
			files = (
			);
			runOnlyForDeploymentPostprocessing = 0;
		};
		AE1052601B401DA000F7BD33 /* Frameworks */ = {
			isa = PBXFrameworksBuildPhase;
			buildActionMask = 2147483647;
			files = (
			);
			runOnlyForDeploymentPostprocessing = 0;
		};
/* End PBXFrameworksBuildPhase section */

/* Begin PBXGroup section */
		9243FFC32ED60B49B64CCC9E /* Frameworks */ = {
			isa = PBXGroup;
			children = (
				E33B9B371BA8C921CCAAE782 /* Pods.framework */,
			);
			name = Frameworks;
			sourceTree = "<group>";
		};
		AE10523B1B401DA000F7BD33 = {
			isa = PBXGroup;
			children = (
				AE1052461B401DA000F7BD33 /* mowgli */,
				AE10525B1B401DA000F7BD33 /* mowgliTests */,
				AE1052661B401DA000F7BD33 /* mowgliUITests */,
				AE1052451B401DA000F7BD33 /* Products */,
				F5028859F63703636B0FF538 /* Pods */,
				9243FFC32ED60B49B64CCC9E /* Frameworks */,
			);
			sourceTree = "<group>";
		};
		AE1052451B401DA000F7BD33 /* Products */ = {
			isa = PBXGroup;
			children = (
				AE1052441B401DA000F7BD33 /* mowgli.app */,
				AE1052581B401DA000F7BD33 /* mowgliTests.xctest */,
				AE1052631B401DA000F7BD33 /* mowgliUITests.xctest */,
			);
			name = Products;
			sourceTree = "<group>";
		};
		AE1052461B401DA000F7BD33 /* mowgli */ = {
			isa = PBXGroup;
			children = (
				AF3464A41B50687600756AEE /* Config */,
				AE1052471B401DA000F7BD33 /* AppDelegate.swift */,
				AF1B79CC1B506ABF007186DC /* Sources */,
				AF3464A21B50683A00756AEE /* Controllers */,
				AE10527B1B40362000F7BD33 /* Coordinators */,
				AE1052501B401DA000F7BD33 /* LaunchScreen.storyboard */,
				AE10524B1B401DA000F7BD33 /* Main.storyboard */,
				AE10527F1B40375900F7BD33 /* Models */,
				AE10527C1B40362C00F7BD33 /* Presenters */,
				AF3464A31B50683A00756AEE /* Views */,
			);
			path = mowgli;
			sourceTree = "<group>";
		};
		AE10525B1B401DA000F7BD33 /* mowgliTests */ = {
			isa = PBXGroup;
			children = (
				AE10525C1B401DA000F7BD33 /* mowgliTests.swift */,
				AE10525E1B401DA000F7BD33 /* Info.plist */,
			);
			path = mowgliTests;
			sourceTree = "<group>";
		};
		AE1052661B401DA000F7BD33 /* mowgliUITests */ = {
			isa = PBXGroup;
			children = (
				AE1052671B401DA000F7BD33 /* mowgliUITests.swift */,
				AE1052691B401DA000F7BD33 /* Info.plist */,
			);
			path = mowgliUITests;
			sourceTree = "<group>";
		};
		AE10527B1B40362000F7BD33 /* Coordinators */ = {
			isa = PBXGroup;
			children = (
				AE1052791B40340C00F7BD33 /* MoviesCoordinator.swift */,
			);
			name = Coordinators;
			sourceTree = "<group>";
		};
		AE10527C1B40362C00F7BD33 /* Presenters */ = {
			isa = PBXGroup;
			children = (
				AE1052771B40304C00F7BD33 /* MoviesPresenter.swift */,
			);
			name = Presenters;
			sourceTree = "<group>";
		};
		AE10527F1B40375900F7BD33 /* Models */ = {
			isa = PBXGroup;
			children = (
				AE10527D1B40372900F7BD33 /* Movie.swift */,
			);
			name = Models;
			sourceTree = "<group>";
		};
		AF1B79CC1B506ABF007186DC /* Sources */ = {
			isa = PBXGroup;
			children = (
				AE10524E1B401DA000F7BD33 /* Assets.xcassets */,
				AF1B79C81B506A8C007186DC /* mowgli-Bridging-Header.h */,
				AE1052531B401DA000F7BD33 /* Info.plist */,
			);
			name = Sources;
			sourceTree = "<group>";
		};
		AF3464A21B50683A00756AEE /* Controllers */ = {
			isa = PBXGroup;
			children = (
				AE1052751B402EE600F7BD33 /* MoviesViewController.swift */,
			);
			name = Controllers;
			path = Mowgli/Controllers;
			sourceTree = SOURCE_ROOT;
		};
		AF3464A31B50683A00756AEE /* Views */ = {
			isa = PBXGroup;
			children = (
				AEA1C96B1B403E4500D46D97 /* MovieCell.swift */,
			);
			name = Views;
			path = Mowgli/Views;
			sourceTree = SOURCE_ROOT;
		};
		AF3464A41B50687600756AEE /* Config */ = {
			isa = PBXGroup;
			children = (
				AF1B79C41B506A06007186DC /* ApplicationConfing.swift */,
			);
			name = Config;
			path = Mowgli/Config;
			sourceTree = SOURCE_ROOT;
		};
		F5028859F63703636B0FF538 /* Pods */ = {
			isa = PBXGroup;
			children = (
				5F9A3C1269728C39503BAFA8 /* Pods.debug.xcconfig */,
				98F418294CE1AD1962E21155 /* Pods.release.xcconfig */,
			);
			name = Pods;
			sourceTree = "<group>";
		};
/* End PBXGroup section */

/* Begin PBXNativeTarget section */
		AE1052431B401DA000F7BD33 /* mowgli */ = {
			isa = PBXNativeTarget;
			buildConfigurationList = AE10526C1B401DA000F7BD33 /* Build configuration list for PBXNativeTarget "mowgli" */;
			buildPhases = (
				C2D0EA4A438EE0507460E369 /* Check Pods Manifest.lock */,
				AE1052401B401DA000F7BD33 /* Sources */,
				AE1052411B401DA000F7BD33 /* Frameworks */,
				AE1052421B401DA000F7BD33 /* Resources */,
				1A64C17F544E7572AA3C174E /* Embed Pods Frameworks */,
				4E773A8840A08CDED2E61937 /* Copy Pods Resources */,
			);
			buildRules = (
			);
			dependencies = (
			);
			name = mowgli;
			productName = mowgli;
			productReference = AE1052441B401DA000F7BD33 /* mowgli.app */;
			productType = "com.apple.product-type.application";
		};
		AE1052571B401DA000F7BD33 /* mowgliTests */ = {
			isa = PBXNativeTarget;
			buildConfigurationList = AE10526F1B401DA000F7BD33 /* Build configuration list for PBXNativeTarget "mowgliTests" */;
			buildPhases = (
				AE1052541B401DA000F7BD33 /* Sources */,
				AE1052551B401DA000F7BD33 /* Frameworks */,
				AE1052561B401DA000F7BD33 /* Resources */,
			);
			buildRules = (
			);
			dependencies = (
				AE10525A1B401DA000F7BD33 /* PBXTargetDependency */,
			);
			name = mowgliTests;
			productName = mowgliTests;
			productReference = AE1052581B401DA000F7BD33 /* mowgliTests.xctest */;
			productType = "com.apple.product-type.bundle.unit-test";
		};
		AE1052621B401DA000F7BD33 /* mowgliUITests */ = {
			isa = PBXNativeTarget;
			buildConfigurationList = AE1052721B401DA000F7BD33 /* Build configuration list for PBXNativeTarget "mowgliUITests" */;
			buildPhases = (
				AE10525F1B401DA000F7BD33 /* Sources */,
				AE1052601B401DA000F7BD33 /* Frameworks */,
				AE1052611B401DA000F7BD33 /* Resources */,
			);
			buildRules = (
			);
			dependencies = (
				AE1052651B401DA000F7BD33 /* PBXTargetDependency */,
			);
			name = mowgliUITests;
			productName = mowgliUITests;
			productReference = AE1052631B401DA000F7BD33 /* mowgliUITests.xctest */;
			productType = "com.apple.product-type.bundle.ui-testing";
		};
/* End PBXNativeTarget section */

/* Begin PBXProject section */
		AE10523C1B401DA000F7BD33 /* Project object */ = {
			isa = PBXProject;
			attributes = {
				LastSwiftUpdateCheck = 0700;
				LastUpgradeCheck = 0700;
				ORGANIZATIONNAME = metodowhite;
				TargetAttributes = {
					AE1052431B401DA000F7BD33 = {
						CreatedOnToolsVersion = 7.0;
					};
					AE1052571B401DA000F7BD33 = {
						CreatedOnToolsVersion = 7.0;
						TestTargetID = AE1052431B401DA000F7BD33;
					};
					AE1052621B401DA000F7BD33 = {
						CreatedOnToolsVersion = 7.0;
						TestTargetID = AE1052431B401DA000F7BD33;
					};
				};
			};
			buildConfigurationList = AE10523F1B401DA000F7BD33 /* Build configuration list for PBXProject "Mowgli" */;
			compatibilityVersion = "Xcode 3.2";
			developmentRegion = English;
			hasScannedForEncodings = 0;
			knownRegions = (
				en,
				Base,
			);
			mainGroup = AE10523B1B401DA000F7BD33;
			productRefGroup = AE1052451B401DA000F7BD33 /* Products */;
			projectDirPath = "";
			projectRoot = "";
			targets = (
				AE1052431B401DA000F7BD33 /* mowgli */,
				AE1052571B401DA000F7BD33 /* mowgliTests */,
				AE1052621B401DA000F7BD33 /* mowgliUITests */,
			);
		};
/* End PBXProject section */

/* Begin PBXResourcesBuildPhase section */
		AE1052421B401DA000F7BD33 /* Resources */ = {
			isa = PBXResourcesBuildPhase;
			buildActionMask = 2147483647;
			files = (
				AE1052521B401DA000F7BD33 /* LaunchScreen.storyboard in Resources */,
				AE10524F1B401DA000F7BD33 /* Assets.xcassets in Resources */,
				AE10524D1B401DA000F7BD33 /* Main.storyboard in Resources */,
			);
			runOnlyForDeploymentPostprocessing = 0;
		};
		AE1052561B401DA000F7BD33 /* Resources */ = {
			isa = PBXResourcesBuildPhase;
			buildActionMask = 2147483647;
			files = (
			);
			runOnlyForDeploymentPostprocessing = 0;
		};
		AE1052611B401DA000F7BD33 /* Resources */ = {
			isa = PBXResourcesBuildPhase;
			buildActionMask = 2147483647;
			files = (
			);
			runOnlyForDeploymentPostprocessing = 0;
		};
/* End PBXResourcesBuildPhase section */

/* Begin PBXShellScriptBuildPhase section */
		1A64C17F544E7572AA3C174E /* Embed Pods Frameworks */ = {
			isa = PBXShellScriptBuildPhase;
			buildActionMask = 2147483647;
			files = (
			);
			inputPaths = (
			);
			name = "Embed Pods Frameworks";
			outputPaths = (
			);
			runOnlyForDeploymentPostprocessing = 0;
			shellPath = /bin/sh;
			shellScript = "\"${SRCROOT}/Pods/Target Support Files/Pods/Pods-frameworks.sh\"\n";
			showEnvVarsInLog = 0;
		};
		4E773A8840A08CDED2E61937 /* Copy Pods Resources */ = {
			isa = PBXShellScriptBuildPhase;
			buildActionMask = 2147483647;
			files = (
			);
			inputPaths = (
			);
			name = "Copy Pods Resources";
			outputPaths = (
			);
			runOnlyForDeploymentPostprocessing = 0;
			shellPath = /bin/sh;
			shellScript = "\"${SRCROOT}/Pods/Target Support Files/Pods/Pods-resources.sh\"\n";
			showEnvVarsInLog = 0;
		};
		C2D0EA4A438EE0507460E369 /* Check Pods Manifest.lock */ = {
			isa = PBXShellScriptBuildPhase;
			buildActionMask = 2147483647;
			files = (
			);
			inputPaths = (
			);
			name = "Check Pods Manifest.lock";
			outputPaths = (
			);
			runOnlyForDeploymentPostprocessing = 0;
			shellPath = /bin/sh;
			shellScript = "diff \"${PODS_ROOT}/../Podfile.lock\" \"${PODS_ROOT}/Manifest.lock\" > /dev/null\nif [[ $? != 0 ]] ; then\n    cat << EOM\nerror: The sandbox is not in sync with the Podfile.lock. Run 'pod install' or update your CocoaPods installation.\nEOM\n    exit 1\nfi\n";
			showEnvVarsInLog = 0;
		};
/* End PBXShellScriptBuildPhase section */

/* Begin PBXSourcesBuildPhase section */
		AE1052401B401DA000F7BD33 /* Sources */ = {
			isa = PBXSourcesBuildPhase;
			buildActionMask = 2147483647;
			files = (
				AE1052481B401DA000F7BD33 /* AppDelegate.swift in Sources */,
				AE10527A1B40340C00F7BD33 /* MoviesCoordinator.swift in Sources */,
				AEA1C96C1B403E4500D46D97 /* MovieCell.swift in Sources */,
				AF1B79C51B506A06007186DC /* ApplicationConfing.swift in Sources */,
				AE1052761B402EE600F7BD33 /* MoviesViewController.swift in Sources */,
				AE1052781B40304C00F7BD33 /* MoviesPresenter.swift in Sources */,
				AE10527E1B40372900F7BD33 /* Movie.swift in Sources */,
			);
			runOnlyForDeploymentPostprocessing = 0;
		};
		AE1052541B401DA000F7BD33 /* Sources */ = {
			isa = PBXSourcesBuildPhase;
			buildActionMask = 2147483647;
			files = (
				AE10525D1B401DA000F7BD33 /* mowgliTests.swift in Sources */,
			);
			runOnlyForDeploymentPostprocessing = 0;
		};
		AE10525F1B401DA000F7BD33 /* Sources */ = {
			isa = PBXSourcesBuildPhase;
			buildActionMask = 2147483647;
			files = (
				AE1052681B401DA000F7BD33 /* mowgliUITests.swift in Sources */,
			);
			runOnlyForDeploymentPostprocessing = 0;
		};
/* End PBXSourcesBuildPhase section */

/* Begin PBXTargetDependency section */
		AE10525A1B401DA000F7BD33 /* PBXTargetDependency */ = {
			isa = PBXTargetDependency;
			target = AE1052431B401DA000F7BD33 /* mowgli */;
			targetProxy = AE1052591B401DA000F7BD33 /* PBXContainerItemProxy */;
		};
		AE1052651B401DA000F7BD33 /* PBXTargetDependency */ = {
			isa = PBXTargetDependency;
			target = AE1052431B401DA000F7BD33 /* mowgli */;
			targetProxy = AE1052641B401DA000F7BD33 /* PBXContainerItemProxy */;
		};
/* End PBXTargetDependency section */

/* Begin PBXVariantGroup section */
		AE10524B1B401DA000F7BD33 /* Main.storyboard */ = {
			isa = PBXVariantGroup;
			children = (
				AE10524C1B401DA000F7BD33 /* Base */,
			);
			name = Main.storyboard;
			sourceTree = "<group>";
		};
		AE1052501B401DA000F7BD33 /* LaunchScreen.storyboard */ = {
			isa = PBXVariantGroup;
			children = (
				AE1052511B401DA000F7BD33 /* Base */,
			);
			name = LaunchScreen.storyboard;
			sourceTree = "<group>";
		};
/* End PBXVariantGroup section */

/* Begin XCBuildConfiguration section */
		AE10526A1B401DA000F7BD33 /* Debug */ = {
			isa = XCBuildConfiguration;
			buildSettings = {
				ALWAYS_SEARCH_USER_PATHS = NO;
				CLANG_CXX_LANGUAGE_STANDARD = "gnu++0x";
				CLANG_CXX_LIBRARY = "libc++";
				CLANG_ENABLE_MODULES = YES;
				CLANG_ENABLE_OBJC_ARC = YES;
				CLANG_WARN_BOOL_CONVERSION = YES;
				CLANG_WARN_CONSTANT_CONVERSION = YES;
				CLANG_WARN_DIRECT_OBJC_ISA_USAGE = YES_ERROR;
				CLANG_WARN_EMPTY_BODY = YES;
				CLANG_WARN_ENUM_CONVERSION = YES;
				CLANG_WARN_INT_CONVERSION = YES;
				CLANG_WARN_OBJC_ROOT_CLASS = YES_ERROR;
				CLANG_WARN_UNREACHABLE_CODE = YES;
				CLANG_WARN__DUPLICATE_METHOD_MATCH = YES;
				"CODE_SIGN_IDENTITY[sdk=iphoneos*]" = "iPhone Developer";
				COPY_PHASE_STRIP = NO;
				DEBUG_INFORMATION_FORMAT = dwarf;
				ENABLE_STRICT_OBJC_MSGSEND = YES;
				ENABLE_TESTABILITY = YES;
				GCC_C_LANGUAGE_STANDARD = gnu99;
				GCC_DYNAMIC_NO_PIC = NO;
				GCC_NO_COMMON_BLOCKS = YES;
				GCC_OPTIMIZATION_LEVEL = 0;
				GCC_PREPROCESSOR_DEFINITIONS = (
					"DEBUG=1",
					"$(inherited)",
				);
				GCC_WARN_64_TO_32_BIT_CONVERSION = YES;
				GCC_WARN_ABOUT_RETURN_TYPE = YES_ERROR;
				GCC_WARN_UNDECLARED_SELECTOR = YES;
				GCC_WARN_UNINITIALIZED_AUTOS = YES_AGGRESSIVE;
				GCC_WARN_UNUSED_FUNCTION = YES;
				GCC_WARN_UNUSED_VARIABLE = YES;
				IPHONEOS_DEPLOYMENT_TARGET = 9.0;
				MTL_ENABLE_DEBUG_INFO = YES;
				ONLY_ACTIVE_ARCH = YES;
				SDKROOT = iphoneos;
				SWIFT_OPTIMIZATION_LEVEL = "-Onone";
				TARGETED_DEVICE_FAMILY = "1,2";
			};
			name = Debug;
		};
		AE10526B1B401DA000F7BD33 /* Release */ = {
			isa = XCBuildConfiguration;
			buildSettings = {
				ALWAYS_SEARCH_USER_PATHS = NO;
				CLANG_CXX_LANGUAGE_STANDARD = "gnu++0x";
				CLANG_CXX_LIBRARY = "libc++";
				CLANG_ENABLE_MODULES = YES;
				CLANG_ENABLE_OBJC_ARC = YES;
				CLANG_WARN_BOOL_CONVERSION = YES;
				CLANG_WARN_CONSTANT_CONVERSION = YES;
				CLANG_WARN_DIRECT_OBJC_ISA_USAGE = YES_ERROR;
				CLANG_WARN_EMPTY_BODY = YES;
				CLANG_WARN_ENUM_CONVERSION = YES;
				CLANG_WARN_INT_CONVERSION = YES;
				CLANG_WARN_OBJC_ROOT_CLASS = YES_ERROR;
				CLANG_WARN_UNREACHABLE_CODE = YES;
				CLANG_WARN__DUPLICATE_METHOD_MATCH = YES;
				"CODE_SIGN_IDENTITY[sdk=iphoneos*]" = "iPhone Developer";
				COPY_PHASE_STRIP = NO;
				DEBUG_INFORMATION_FORMAT = "dwarf-with-dsym";
				ENABLE_NS_ASSERTIONS = NO;
				ENABLE_STRICT_OBJC_MSGSEND = YES;
				GCC_C_LANGUAGE_STANDARD = gnu99;
				GCC_NO_COMMON_BLOCKS = YES;
				GCC_WARN_64_TO_32_BIT_CONVERSION = YES;
				GCC_WARN_ABOUT_RETURN_TYPE = YES_ERROR;
				GCC_WARN_UNDECLARED_SELECTOR = YES;
				GCC_WARN_UNINITIALIZED_AUTOS = YES_AGGRESSIVE;
				GCC_WARN_UNUSED_FUNCTION = YES;
				GCC_WARN_UNUSED_VARIABLE = YES;
				IPHONEOS_DEPLOYMENT_TARGET = 9.0;
				MTL_ENABLE_DEBUG_INFO = NO;
				SDKROOT = iphoneos;
				TARGETED_DEVICE_FAMILY = "1,2";
				VALIDATE_PRODUCT = YES;
			};
			name = Release;
		};
		AE10526D1B401DA000F7BD33 /* Debug */ = {
			isa = XCBuildConfiguration;
			baseConfigurationReference = 5F9A3C1269728C39503BAFA8 /* Pods.debug.xcconfig */;
			buildSettings = {
				ASSETCATALOG_COMPILER_APPICON_NAME = AppIcon;
				CLANG_ENABLE_MODULES = YES;
				INFOPLIST_FILE = mowgli/Info.plist;
				LD_RUNPATH_SEARCH_PATHS = "$(inherited) @executable_path/Frameworks";
				PRODUCT_BUNDLE_IDENTIFIER = com.metodowhite.mowgli;
				PRODUCT_NAME = "$(TARGET_NAME)";
				SWIFT_OBJC_BRIDGING_HEADER = "Mowgli/Config/mowgli-Bridging-Header.h";
				SWIFT_OPTIMIZATION_LEVEL = "-Onone";
			};
			name = Debug;
		};
		AE10526E1B401DA000F7BD33 /* Release */ = {
			isa = XCBuildConfiguration;
			baseConfigurationReference = 98F418294CE1AD1962E21155 /* Pods.release.xcconfig */;
			buildSettings = {
				ASSETCATALOG_COMPILER_APPICON_NAME = AppIcon;
				CLANG_ENABLE_MODULES = YES;
				INFOPLIST_FILE = mowgli/Info.plist;
				LD_RUNPATH_SEARCH_PATHS = "$(inherited) @executable_path/Frameworks";
				PRODUCT_BUNDLE_IDENTIFIER = com.metodowhite.mowgli;
				PRODUCT_NAME = "$(TARGET_NAME)";
				SWIFT_OBJC_BRIDGING_HEADER = "Mowgli/Config/mowgli-Bridging-Header.h";
			};
			name = Release;
		};
		AE1052701B401DA000F7BD33 /* Debug */ = {
			isa = XCBuildConfiguration;
			buildSettings = {
				BUNDLE_LOADER = "$(TEST_HOST)";
				INFOPLIST_FILE = mowgliTests/Info.plist;
				LD_RUNPATH_SEARCH_PATHS = "$(inherited) @executable_path/Frameworks @loader_path/Frameworks";
				PRODUCT_BUNDLE_IDENTIFIER = com.metodowhite.mowgliTests;
				PRODUCT_NAME = "$(TARGET_NAME)";
				TEST_HOST = "$(BUILT_PRODUCTS_DIR)/mowgli.app/mowgli";
			};
			name = Debug;
		};
		AE1052711B401DA000F7BD33 /* Release */ = {
			isa = XCBuildConfiguration;
			buildSettings = {
				BUNDLE_LOADER = "$(TEST_HOST)";
				INFOPLIST_FILE = mowgliTests/Info.plist;
				LD_RUNPATH_SEARCH_PATHS = "$(inherited) @executable_path/Frameworks @loader_path/Frameworks";
				PRODUCT_BUNDLE_IDENTIFIER = com.metodowhite.mowgliTests;
				PRODUCT_NAME = "$(TARGET_NAME)";
				TEST_HOST = "$(BUILT_PRODUCTS_DIR)/mowgli.app/mowgli";
			};
			name = Release;
		};
		AE1052731B401DA000F7BD33 /* Debug */ = {
			isa = XCBuildConfiguration;
			buildSettings = {
				INFOPLIST_FILE = mowgliUITests/Info.plist;
				LD_RUNPATH_SEARCH_PATHS = "$(inherited) @executable_path/Frameworks @loader_path/Frameworks";
				PRODUCT_BUNDLE_IDENTIFIER = com.metodowhite.mowgliUITests;
				PRODUCT_NAME = "$(TARGET_NAME)";
				TEST_TARGET_NAME = mowgli;
				USES_XCTRUNNER = YES;
			};
			name = Debug;
		};
		AE1052741B401DA000F7BD33 /* Release */ = {
			isa = XCBuildConfiguration;
			buildSettings = {
				INFOPLIST_FILE = mowgliUITests/Info.plist;
				LD_RUNPATH_SEARCH_PATHS = "$(inherited) @executable_path/Frameworks @loader_path/Frameworks";
				PRODUCT_BUNDLE_IDENTIFIER = com.metodowhite.mowgliUITests;
				PRODUCT_NAME = "$(TARGET_NAME)";
				TEST_TARGET_NAME = mowgli;
				USES_XCTRUNNER = YES;
			};
			name = Release;
		};
/* End XCBuildConfiguration section */

/* Begin XCConfigurationList section */
		AE10523F1B401DA000F7BD33 /* Build configuration list for PBXProject "Mowgli" */ = {
			isa = XCConfigurationList;
			buildConfigurations = (
				AE10526A1B401DA000F7BD33 /* Debug */,
				AE10526B1B401DA000F7BD33 /* Release */,
			);
			defaultConfigurationIsVisible = 0;
			defaultConfigurationName = Release;
		};
		AE10526C1B401DA000F7BD33 /* Build configuration list for PBXNativeTarget "mowgli" */ = {
			isa = XCConfigurationList;
			buildConfigurations = (
				AE10526D1B401DA000F7BD33 /* Debug */,
				AE10526E1B401DA000F7BD33 /* Release */,
			);
			defaultConfigurationIsVisible = 0;
			defaultConfigurationName = Release;
		};
		AE10526F1B401DA000F7BD33 /* Build configuration list for PBXNativeTarget "mowgliTests" */ = {
			isa = XCConfigurationList;
			buildConfigurations = (
				AE1052701B401DA000F7BD33 /* Debug */,
				AE1052711B401DA000F7BD33 /* Release */,
			);
			defaultConfigurationIsVisible = 0;
			defaultConfigurationName = Release;
		};
		AE1052721B401DA000F7BD33 /* Build configuration list for PBXNativeTarget "mowgliUITests" */ = {
			isa = XCConfigurationList;
			buildConfigurations = (
				AE1052731B401DA000F7BD33 /* Debug */,
				AE1052741B401DA000F7BD33 /* Release */,
			);
			defaultConfigurationIsVisible = 0;
			defaultConfigurationName = Release;
		};
/* End XCConfigurationList section */
	};
	rootObject = AE10523C1B401DA000F7BD33 /* Project object */;
}
