// !$*UTF8*$!
{
	archiveVersion = 1;
	classes = {
	};
	objectVersion = 46;
	objects = {

/* Begin PBXBuildFile section */
		AE6F6CB91C661E220045DF8B /* AppDelegate.swift in Sources */ = {isa = PBXBuildFile; fileRef = AE6F6CB81C661E220045DF8B /* AppDelegate.swift */; };
		AE6F6CBB1C661E220045DF8B /* ViewController.swift in Sources */ = {isa = PBXBuildFile; fileRef = AE6F6CBA1C661E220045DF8B /* ViewController.swift */; };
		AE6F6CBE1C661E220045DF8B /* Main.storyboard in Resources */ = {isa = PBXBuildFile; fileRef = AE6F6CBC1C661E220045DF8B /* Main.storyboard */; };
		AE6F6CC01C661E220045DF8B /* Assets.xcassets in Resources */ = {isa = PBXBuildFile; fileRef = AE6F6CBF1C661E220045DF8B /* Assets.xcassets */; };
		AE6F6CC31C661E220045DF8B /* LaunchScreen.storyboard in Resources */ = {isa = PBXBuildFile; fileRef = AE6F6CC11C661E220045DF8B /* LaunchScreen.storyboard */; };
		AE6F6CCE1C661E220045DF8B /* MowgliTests.swift in Sources */ = {isa = PBXBuildFile; fileRef = AE6F6CCD1C661E220045DF8B /* MowgliTests.swift */; };
		AE6F6CD91C661E220045DF8B /* MowgliUITests.swift in Sources */ = {isa = PBXBuildFile; fileRef = AE6F6CD81C661E220045DF8B /* MowgliUITests.swift */; };
		AE6F6CEE1C6623B80045DF8B /* MowgliKit.h in Headers */ = {isa = PBXBuildFile; fileRef = AE6F6CED1C6623B80045DF8B /* MowgliKit.h */; settings = {ATTRIBUTES = (Public, ); }; };
		AE6F6CF51C6623B80045DF8B /* MowgliKit.framework in Frameworks */ = {isa = PBXBuildFile; fileRef = AE6F6CEB1C6623B80045DF8B /* MowgliKit.framework */; };
		AE6F6CFC1C6623B80045DF8B /* MowgliKitTests.swift in Sources */ = {isa = PBXBuildFile; fileRef = AE6F6CFB1C6623B80045DF8B /* MowgliKitTests.swift */; };
		AE6F6D001C6623B80045DF8B /* MowgliKit.framework in Frameworks */ = {isa = PBXBuildFile; fileRef = AE6F6CEB1C6623B80045DF8B /* MowgliKit.framework */; };
		AE6F6D011C6623B80045DF8B /* MowgliKit.framework in Embed Frameworks */ = {isa = PBXBuildFile; fileRef = AE6F6CEB1C6623B80045DF8B /* MowgliKit.framework */; settings = {ATTRIBUTES = (CodeSignOnCopy, RemoveHeadersOnCopy, ); }; };
		AE6F6D111C66243C0045DF8B /* Bagheera.h in Headers */ = {isa = PBXBuildFile; fileRef = AE6F6D101C66243C0045DF8B /* Bagheera.h */; settings = {ATTRIBUTES = (Public, ); }; };
		AE6F6D181C66243C0045DF8B /* Bagheera.framework in Frameworks */ = {isa = PBXBuildFile; fileRef = AE6F6D0E1C66243C0045DF8B /* Bagheera.framework */; };
		AE6F6D1F1C66243C0045DF8B /* BagheeraTests.swift in Sources */ = {isa = PBXBuildFile; fileRef = AE6F6D1E1C66243C0045DF8B /* BagheeraTests.swift */; };
		AE6F6D231C66243C0045DF8B /* Bagheera.framework in Frameworks */ = {isa = PBXBuildFile; fileRef = AE6F6D0E1C66243C0045DF8B /* Bagheera.framework */; };
		AE6F6D241C66243C0045DF8B /* Bagheera.framework in Embed Frameworks */ = {isa = PBXBuildFile; fileRef = AE6F6D0E1C66243C0045DF8B /* Bagheera.framework */; settings = {ATTRIBUTES = (CodeSignOnCopy, RemoveHeadersOnCopy, ); }; };
		AE6F6D2C1C6624920045DF8B /* BGHTMDbClient.swift in Sources */ = {isa = PBXBuildFile; fileRef = AE6F6D2B1C6624920045DF8B /* BGHTMDbClient.swift */; };
		AE6F6D2D1C6629190045DF8B /* Pods.framework in Frameworks */ = {isa = PBXBuildFile; fileRef = 13E066FDFA708E8C1511E3EF /* Pods.framework */; };
		DE257971B5AA4A3E7F9D318D /* Pods.framework in Frameworks */ = {isa = PBXBuildFile; fileRef = 13E066FDFA708E8C1511E3EF /* Pods.framework */; };
/* End PBXBuildFile section */

/* Begin PBXContainerItemProxy section */
		AE6F6CCA1C661E220045DF8B /* PBXContainerItemProxy */ = {
			isa = PBXContainerItemProxy;
			containerPortal = AE6F6CAD1C661E220045DF8B /* Project object */;
			proxyType = 1;
			remoteGlobalIDString = AE6F6CB41C661E220045DF8B;
			remoteInfo = Mowgli;
		};
		AE6F6CD51C661E220045DF8B /* PBXContainerItemProxy */ = {
			isa = PBXContainerItemProxy;
			containerPortal = AE6F6CAD1C661E220045DF8B /* Project object */;
			proxyType = 1;
			remoteGlobalIDString = AE6F6CB41C661E220045DF8B;
			remoteInfo = Mowgli;
		};
		AE6F6CF61C6623B80045DF8B /* PBXContainerItemProxy */ = {
			isa = PBXContainerItemProxy;
			containerPortal = AE6F6CAD1C661E220045DF8B /* Project object */;
			proxyType = 1;
			remoteGlobalIDString = AE6F6CEA1C6623B80045DF8B;
			remoteInfo = MowgliKit;
		};
		AE6F6CF81C6623B80045DF8B /* PBXContainerItemProxy */ = {
			isa = PBXContainerItemProxy;
			containerPortal = AE6F6CAD1C661E220045DF8B /* Project object */;
			proxyType = 1;
			remoteGlobalIDString = AE6F6CB41C661E220045DF8B;
			remoteInfo = Mowgli;
		};
		AE6F6CFE1C6623B80045DF8B /* PBXContainerItemProxy */ = {
			isa = PBXContainerItemProxy;
			containerPortal = AE6F6CAD1C661E220045DF8B /* Project object */;
			proxyType = 1;
			remoteGlobalIDString = AE6F6CEA1C6623B80045DF8B;
			remoteInfo = MowgliKit;
		};
		AE6F6D191C66243C0045DF8B /* PBXContainerItemProxy */ = {
			isa = PBXContainerItemProxy;
			containerPortal = AE6F6CAD1C661E220045DF8B /* Project object */;
			proxyType = 1;
			remoteGlobalIDString = AE6F6D0D1C66243C0045DF8B;
			remoteInfo = Bagheera;
		};
		AE6F6D1B1C66243C0045DF8B /* PBXContainerItemProxy */ = {
			isa = PBXContainerItemProxy;
			containerPortal = AE6F6CAD1C661E220045DF8B /* Project object */;
			proxyType = 1;
			remoteGlobalIDString = AE6F6CB41C661E220045DF8B;
			remoteInfo = Mowgli;
		};
		AE6F6D211C66243C0045DF8B /* PBXContainerItemProxy */ = {
			isa = PBXContainerItemProxy;
			containerPortal = AE6F6CAD1C661E220045DF8B /* Project object */;
			proxyType = 1;
			remoteGlobalIDString = AE6F6D0D1C66243C0045DF8B;
			remoteInfo = Bagheera;
		};
/* End PBXContainerItemProxy section */

/* Begin PBXCopyFilesBuildPhase section */
		AE6F6D071C6623B80045DF8B /* Embed Frameworks */ = {
			isa = PBXCopyFilesBuildPhase;
			buildActionMask = 2147483647;
			dstPath = "";
			dstSubfolderSpec = 10;
			files = (
				AE6F6D011C6623B80045DF8B /* MowgliKit.framework in Embed Frameworks */,
				AE6F6D241C66243C0045DF8B /* Bagheera.framework in Embed Frameworks */,
			);
			name = "Embed Frameworks";
			runOnlyForDeploymentPostprocessing = 0;
		};
/* End PBXCopyFilesBuildPhase section */

/* Begin PBXFileReference section */
		13E066FDFA708E8C1511E3EF /* Pods.framework */ = {isa = PBXFileReference; explicitFileType = wrapper.framework; includeInIndex = 0; path = Pods.framework; sourceTree = BUILT_PRODUCTS_DIR; };
		AE6F6CB51C661E220045DF8B /* Mowgli.app */ = {isa = PBXFileReference; explicitFileType = wrapper.application; includeInIndex = 0; path = Mowgli.app; sourceTree = BUILT_PRODUCTS_DIR; };
		AE6F6CB81C661E220045DF8B /* AppDelegate.swift */ = {isa = PBXFileReference; lastKnownFileType = sourcecode.swift; path = AppDelegate.swift; sourceTree = "<group>"; };
		AE6F6CBA1C661E220045DF8B /* ViewController.swift */ = {isa = PBXFileReference; lastKnownFileType = sourcecode.swift; path = ViewController.swift; sourceTree = "<group>"; };
		AE6F6CBD1C661E220045DF8B /* Base */ = {isa = PBXFileReference; lastKnownFileType = file.storyboard; name = Base; path = Base.lproj/Main.storyboard; sourceTree = "<group>"; };
		AE6F6CBF1C661E220045DF8B /* Assets.xcassets */ = {isa = PBXFileReference; lastKnownFileType = folder.assetcatalog; path = Assets.xcassets; sourceTree = "<group>"; };
		AE6F6CC21C661E220045DF8B /* Base */ = {isa = PBXFileReference; lastKnownFileType = file.storyboard; name = Base; path = Base.lproj/LaunchScreen.storyboard; sourceTree = "<group>"; };
		AE6F6CC41C661E220045DF8B /* Info.plist */ = {isa = PBXFileReference; lastKnownFileType = text.plist.xml; path = Info.plist; sourceTree = "<group>"; };
		AE6F6CC91C661E220045DF8B /* MowgliTests.xctest */ = {isa = PBXFileReference; explicitFileType = wrapper.cfbundle; includeInIndex = 0; path = MowgliTests.xctest; sourceTree = BUILT_PRODUCTS_DIR; };
		AE6F6CCD1C661E220045DF8B /* MowgliTests.swift */ = {isa = PBXFileReference; lastKnownFileType = sourcecode.swift; path = MowgliTests.swift; sourceTree = "<group>"; };
		AE6F6CCF1C661E220045DF8B /* Info.plist */ = {isa = PBXFileReference; lastKnownFileType = text.plist.xml; path = Info.plist; sourceTree = "<group>"; };
		AE6F6CD41C661E220045DF8B /* MowgliUITests.xctest */ = {isa = PBXFileReference; explicitFileType = wrapper.cfbundle; includeInIndex = 0; path = MowgliUITests.xctest; sourceTree = BUILT_PRODUCTS_DIR; };
		AE6F6CD81C661E220045DF8B /* MowgliUITests.swift */ = {isa = PBXFileReference; lastKnownFileType = sourcecode.swift; path = MowgliUITests.swift; sourceTree = "<group>"; };
		AE6F6CDA1C661E220045DF8B /* Info.plist */ = {isa = PBXFileReference; lastKnownFileType = text.plist.xml; path = Info.plist; sourceTree = "<group>"; };
		AE6F6CEB1C6623B80045DF8B /* MowgliKit.framework */ = {isa = PBXFileReference; explicitFileType = wrapper.framework; includeInIndex = 0; path = MowgliKit.framework; sourceTree = BUILT_PRODUCTS_DIR; };
		AE6F6CED1C6623B80045DF8B /* MowgliKit.h */ = {isa = PBXFileReference; lastKnownFileType = sourcecode.c.h; path = MowgliKit.h; sourceTree = "<group>"; };
		AE6F6CEF1C6623B80045DF8B /* Info.plist */ = {isa = PBXFileReference; lastKnownFileType = text.plist.xml; path = Info.plist; sourceTree = "<group>"; };
		AE6F6CF41C6623B80045DF8B /* MowgliKitTests.xctest */ = {isa = PBXFileReference; explicitFileType = wrapper.cfbundle; includeInIndex = 0; path = MowgliKitTests.xctest; sourceTree = BUILT_PRODUCTS_DIR; };
		AE6F6CFB1C6623B80045DF8B /* MowgliKitTests.swift */ = {isa = PBXFileReference; lastKnownFileType = sourcecode.swift; path = MowgliKitTests.swift; sourceTree = "<group>"; };
		AE6F6CFD1C6623B80045DF8B /* Info.plist */ = {isa = PBXFileReference; lastKnownFileType = text.plist.xml; path = Info.plist; sourceTree = "<group>"; };
		AE6F6D0E1C66243C0045DF8B /* Bagheera.framework */ = {isa = PBXFileReference; explicitFileType = wrapper.framework; includeInIndex = 0; path = Bagheera.framework; sourceTree = BUILT_PRODUCTS_DIR; };
		AE6F6D101C66243C0045DF8B /* Bagheera.h */ = {isa = PBXFileReference; lastKnownFileType = sourcecode.c.h; path = Bagheera.h; sourceTree = "<group>"; };
		AE6F6D121C66243C0045DF8B /* Info.plist */ = {isa = PBXFileReference; lastKnownFileType = text.plist.xml; path = Info.plist; sourceTree = "<group>"; };
		AE6F6D171C66243C0045DF8B /* BagheeraTests.xctest */ = {isa = PBXFileReference; explicitFileType = wrapper.cfbundle; includeInIndex = 0; path = BagheeraTests.xctest; sourceTree = BUILT_PRODUCTS_DIR; };
		AE6F6D1E1C66243C0045DF8B /* BagheeraTests.swift */ = {isa = PBXFileReference; lastKnownFileType = sourcecode.swift; path = BagheeraTests.swift; sourceTree = "<group>"; };
		AE6F6D201C66243C0045DF8B /* Info.plist */ = {isa = PBXFileReference; lastKnownFileType = text.plist.xml; path = Info.plist; sourceTree = "<group>"; };
		AE6F6D2B1C6624920045DF8B /* BGHTMDbClient.swift */ = {isa = PBXFileReference; fileEncoding = 4; lastKnownFileType = sourcecode.swift; path = BGHTMDbClient.swift; sourceTree = "<group>"; };
		BC4004A5338AD63E0182CCB8 /* Pods.debug.xcconfig */ = {isa = PBXFileReference; includeInIndex = 1; lastKnownFileType = text.xcconfig; name = Pods.debug.xcconfig; path = "Pods/Target Support Files/Pods/Pods.debug.xcconfig"; sourceTree = "<group>"; };
		D4DB576A3CFDB62151160258 /* Pods.release.xcconfig */ = {isa = PBXFileReference; includeInIndex = 1; lastKnownFileType = text.xcconfig; name = Pods.release.xcconfig; path = "Pods/Target Support Files/Pods/Pods.release.xcconfig"; sourceTree = "<group>"; };
/* End PBXFileReference section */

/* Begin PBXFrameworksBuildPhase section */
		AE6F6CB21C661E220045DF8B /* Frameworks */ = {
			isa = PBXFrameworksBuildPhase;
			buildActionMask = 2147483647;
			files = (
				AE6F6D001C6623B80045DF8B /* MowgliKit.framework in Frameworks */,
				AE6F6D231C66243C0045DF8B /* Bagheera.framework in Frameworks */,
				DE257971B5AA4A3E7F9D318D /* Pods.framework in Frameworks */,
			);
			runOnlyForDeploymentPostprocessing = 0;
		};
		AE6F6CC61C661E220045DF8B /* Frameworks */ = {
			isa = PBXFrameworksBuildPhase;
			buildActionMask = 2147483647;
			files = (
			);
			runOnlyForDeploymentPostprocessing = 0;
		};
		AE6F6CD11C661E220045DF8B /* Frameworks */ = {
			isa = PBXFrameworksBuildPhase;
			buildActionMask = 2147483647;
			files = (
			);
			runOnlyForDeploymentPostprocessing = 0;
		};
		AE6F6CE71C6623B80045DF8B /* Frameworks */ = {
			isa = PBXFrameworksBuildPhase;
			buildActionMask = 2147483647;
			files = (
			);
			runOnlyForDeploymentPostprocessing = 0;
		};
		AE6F6CF11C6623B80045DF8B /* Frameworks */ = {
			isa = PBXFrameworksBuildPhase;
			buildActionMask = 2147483647;
			files = (
				AE6F6CF51C6623B80045DF8B /* MowgliKit.framework in Frameworks */,
			);
			runOnlyForDeploymentPostprocessing = 0;
		};
		AE6F6D0A1C66243C0045DF8B /* Frameworks */ = {
			isa = PBXFrameworksBuildPhase;
			buildActionMask = 2147483647;
			files = (
				AE6F6D2D1C6629190045DF8B /* Pods.framework in Frameworks */,
			);
			runOnlyForDeploymentPostprocessing = 0;
		};
		AE6F6D141C66243C0045DF8B /* Frameworks */ = {
			isa = PBXFrameworksBuildPhase;
			buildActionMask = 2147483647;
			files = (
				AE6F6D181C66243C0045DF8B /* Bagheera.framework in Frameworks */,
			);
			runOnlyForDeploymentPostprocessing = 0;
		};
/* End PBXFrameworksBuildPhase section */

/* Begin PBXGroup section */
		57B64A52392E8A5396A99E01 /* Pods */ = {
			isa = PBXGroup;
			children = (
				BC4004A5338AD63E0182CCB8 /* Pods.debug.xcconfig */,
				D4DB576A3CFDB62151160258 /* Pods.release.xcconfig */,
			);
			name = Pods;
			sourceTree = "<group>";
		};
		A7600E6ADECD065611222EE4 /* Frameworks */ = {
			isa = PBXGroup;
			children = (
				13E066FDFA708E8C1511E3EF /* Pods.framework */,
			);
			name = Frameworks;
			sourceTree = "<group>";
		};
		AE6F6CAC1C661E220045DF8B = {
			isa = PBXGroup;
			children = (
				AE6F6CB71C661E220045DF8B /* Mowgli */,
				AE6F6CCC1C661E220045DF8B /* MowgliTests */,
				AE6F6CD71C661E220045DF8B /* MowgliUITests */,
				AE6F6CEC1C6623B80045DF8B /* MowgliKit */,
				AE6F6CFA1C6623B80045DF8B /* MowgliKitTests */,
				AE6F6D0F1C66243C0045DF8B /* Bagheera */,
				AE6F6D1D1C66243C0045DF8B /* BagheeraTests */,
				AE6F6CB61C661E220045DF8B /* Products */,
				57B64A52392E8A5396A99E01 /* Pods */,
				A7600E6ADECD065611222EE4 /* Frameworks */,
			);
			sourceTree = "<group>";
		};
		AE6F6CB61C661E220045DF8B /* Products */ = {
			isa = PBXGroup;
			children = (
				AE6F6CB51C661E220045DF8B /* Mowgli.app */,
				AE6F6CC91C661E220045DF8B /* MowgliTests.xctest */,
				AE6F6CD41C661E220045DF8B /* MowgliUITests.xctest */,
				AE6F6CEB1C6623B80045DF8B /* MowgliKit.framework */,
				AE6F6CF41C6623B80045DF8B /* MowgliKitTests.xctest */,
				AE6F6D0E1C66243C0045DF8B /* Bagheera.framework */,
				AE6F6D171C66243C0045DF8B /* BagheeraTests.xctest */,
			);
			name = Products;
			sourceTree = "<group>";
		};
		AE6F6CB71C661E220045DF8B /* Mowgli */ = {
			isa = PBXGroup;
			children = (
				AE6F6CB81C661E220045DF8B /* AppDelegate.swift */,
				AE6F6CBA1C661E220045DF8B /* ViewController.swift */,
				AE6F6CBC1C661E220045DF8B /* Main.storyboard */,
				AE6F6CBF1C661E220045DF8B /* Assets.xcassets */,
				AE6F6CC11C661E220045DF8B /* LaunchScreen.storyboard */,
				AE6F6CC41C661E220045DF8B /* Info.plist */,
			);
			path = Mowgli;
			sourceTree = "<group>";
		};
		AE6F6CCC1C661E220045DF8B /* MowgliTests */ = {
			isa = PBXGroup;
			children = (
				AE6F6CCD1C661E220045DF8B /* MowgliTests.swift */,
				AE6F6CCF1C661E220045DF8B /* Info.plist */,
			);
			path = MowgliTests;
			sourceTree = "<group>";
		};
		AE6F6CD71C661E220045DF8B /* MowgliUITests */ = {
			isa = PBXGroup;
			children = (
				AE6F6CD81C661E220045DF8B /* MowgliUITests.swift */,
				AE6F6CDA1C661E220045DF8B /* Info.plist */,
			);
			path = MowgliUITests;
			sourceTree = "<group>";
		};
		AE6F6CEC1C6623B80045DF8B /* MowgliKit */ = {
			isa = PBXGroup;
			children = (
				AE6F6CED1C6623B80045DF8B /* MowgliKit.h */,
				AE6F6CEF1C6623B80045DF8B /* Info.plist */,
			);
			path = MowgliKit;
			sourceTree = "<group>";
		};
		AE6F6CFA1C6623B80045DF8B /* MowgliKitTests */ = {
			isa = PBXGroup;
			children = (
				AE6F6CFB1C6623B80045DF8B /* MowgliKitTests.swift */,
				AE6F6CFD1C6623B80045DF8B /* Info.plist */,
			);
			path = MowgliKitTests;
			sourceTree = "<group>";
		};
		AE6F6D0F1C66243C0045DF8B /* Bagheera */ = {
			isa = PBXGroup;
			children = (
				AE6F6D101C66243C0045DF8B /* Bagheera.h */,
				AE6F6D121C66243C0045DF8B /* Info.plist */,
				AE6F6D2B1C6624920045DF8B /* BGHTMDbClient.swift */,
			);
			path = Bagheera;
			sourceTree = "<group>";
		};
		AE6F6D1D1C66243C0045DF8B /* BagheeraTests */ = {
			isa = PBXGroup;
			children = (
				AE6F6D1E1C66243C0045DF8B /* BagheeraTests.swift */,
				AE6F6D201C66243C0045DF8B /* Info.plist */,
			);
			path = BagheeraTests;
			sourceTree = "<group>";
		};
/* End PBXGroup section */

/* Begin PBXHeadersBuildPhase section */
		AE6F6CE81C6623B80045DF8B /* Headers */ = {
			isa = PBXHeadersBuildPhase;
			buildActionMask = 2147483647;
			files = (
				AE6F6CEE1C6623B80045DF8B /* MowgliKit.h in Headers */,
				AE6F6D111C66243C0045DF8B /* Bagheera.h in Headers */,
			);
			runOnlyForDeploymentPostprocessing = 0;
		};
		AE6F6D0B1C66243C0045DF8B /* Headers */ = {
			isa = PBXHeadersBuildPhase;
			buildActionMask = 2147483647;
			files = (
			);
			runOnlyForDeploymentPostprocessing = 0;
		};
/* End PBXHeadersBuildPhase section */

/* Begin PBXNativeTarget section */
		AE6F6CB41C661E220045DF8B /* Mowgli */ = {
			isa = PBXNativeTarget;
			buildConfigurationList = AE6F6CDD1C661E220045DF8B /* Build configuration list for PBXNativeTarget "Mowgli" */;
			buildPhases = (
				87B50034B4C88998ED93AD23 /* Check Pods Manifest.lock */,
				AE6F6CB11C661E220045DF8B /* Sources */,
				AE6F6CB21C661E220045DF8B /* Frameworks */,
				AE6F6CB31C661E220045DF8B /* Resources */,
				E1A906CC186E68F85A2B22C5 /* Embed Pods Frameworks */,
				1E121B3E0E73B1F9EF9B16A3 /* Copy Pods Resources */,
				AE6F6D071C6623B80045DF8B /* Embed Frameworks */,
			);
			buildRules = (
			);
			dependencies = (
				AE6F6CFF1C6623B80045DF8B /* PBXTargetDependency */,
				AE6F6D221C66243C0045DF8B /* PBXTargetDependency */,
			);
			name = Mowgli;
			productName = Mowgli;
			productReference = AE6F6CB51C661E220045DF8B /* Mowgli.app */;
			productType = "com.apple.product-type.application";
		};
		AE6F6CC81C661E220045DF8B /* MowgliTests */ = {
			isa = PBXNativeTarget;
			buildConfigurationList = AE6F6CE01C661E220045DF8B /* Build configuration list for PBXNativeTarget "MowgliTests" */;
			buildPhases = (
				AE6F6CC51C661E220045DF8B /* Sources */,
				AE6F6CC61C661E220045DF8B /* Frameworks */,
				AE6F6CC71C661E220045DF8B /* Resources */,
			);
			buildRules = (
			);
			dependencies = (
				AE6F6CCB1C661E220045DF8B /* PBXTargetDependency */,
			);
			name = MowgliTests;
			productName = MowgliTests;
			productReference = AE6F6CC91C661E220045DF8B /* MowgliTests.xctest */;
			productType = "com.apple.product-type.bundle.unit-test";
		};
		AE6F6CD31C661E220045DF8B /* MowgliUITests */ = {
			isa = PBXNativeTarget;
			buildConfigurationList = AE6F6CE31C661E220045DF8B /* Build configuration list for PBXNativeTarget "MowgliUITests" */;
			buildPhases = (
				AE6F6CD01C661E220045DF8B /* Sources */,
				AE6F6CD11C661E220045DF8B /* Frameworks */,
				AE6F6CD21C661E220045DF8B /* Resources */,
			);
			buildRules = (
			);
			dependencies = (
				AE6F6CD61C661E220045DF8B /* PBXTargetDependency */,
			);
			name = MowgliUITests;
			productName = MowgliUITests;
			productReference = AE6F6CD41C661E220045DF8B /* MowgliUITests.xctest */;
			productType = "com.apple.product-type.bundle.ui-testing";
		};
		AE6F6CEA1C6623B80045DF8B /* MowgliKit */ = {
			isa = PBXNativeTarget;
			buildConfigurationList = AE6F6D061C6623B80045DF8B /* Build configuration list for PBXNativeTarget "MowgliKit" */;
			buildPhases = (
				AE6F6CE61C6623B80045DF8B /* Sources */,
				AE6F6CE71C6623B80045DF8B /* Frameworks */,
				AE6F6CE81C6623B80045DF8B /* Headers */,
				AE6F6CE91C6623B80045DF8B /* Resources */,
			);
			buildRules = (
			);
			dependencies = (
			);
			name = MowgliKit;
			productName = MowgliKit;
			productReference = AE6F6CEB1C6623B80045DF8B /* MowgliKit.framework */;
			productType = "com.apple.product-type.framework";
		};
		AE6F6CF31C6623B80045DF8B /* MowgliKitTests */ = {
			isa = PBXNativeTarget;
			buildConfigurationList = AE6F6D081C6623B80045DF8B /* Build configuration list for PBXNativeTarget "MowgliKitTests" */;
			buildPhases = (
				AE6F6CF01C6623B80045DF8B /* Sources */,
				AE6F6CF11C6623B80045DF8B /* Frameworks */,
				AE6F6CF21C6623B80045DF8B /* Resources */,
			);
			buildRules = (
			);
			dependencies = (
				AE6F6CF71C6623B80045DF8B /* PBXTargetDependency */,
				AE6F6CF91C6623B80045DF8B /* PBXTargetDependency */,
			);
			name = MowgliKitTests;
			productName = MowgliKitTests;
			productReference = AE6F6CF41C6623B80045DF8B /* MowgliKitTests.xctest */;
			productType = "com.apple.product-type.bundle.unit-test";
		};
		AE6F6D0D1C66243C0045DF8B /* Bagheera */ = {
			isa = PBXNativeTarget;
			buildConfigurationList = AE6F6D251C66243C0045DF8B /* Build configuration list for PBXNativeTarget "Bagheera" */;
			buildPhases = (
				AE6F6D091C66243C0045DF8B /* Sources */,
				AE6F6D0A1C66243C0045DF8B /* Frameworks */,
				AE6F6D0B1C66243C0045DF8B /* Headers */,
				AE6F6D0C1C66243C0045DF8B /* Resources */,
			);
			buildRules = (
			);
			dependencies = (
			);
			name = Bagheera;
			productName = Bagheera;
			productReference = AE6F6D0E1C66243C0045DF8B /* Bagheera.framework */;
			productType = "com.apple.product-type.framework";
		};
		AE6F6D161C66243C0045DF8B /* BagheeraTests */ = {
			isa = PBXNativeTarget;
			buildConfigurationList = AE6F6D281C66243C0045DF8B /* Build configuration list for PBXNativeTarget "BagheeraTests" */;
			buildPhases = (
				AE6F6D131C66243C0045DF8B /* Sources */,
				AE6F6D141C66243C0045DF8B /* Frameworks */,
				AE6F6D151C66243C0045DF8B /* Resources */,
			);
			buildRules = (
			);
			dependencies = (
				AE6F6D1A1C66243C0045DF8B /* PBXTargetDependency */,
				AE6F6D1C1C66243C0045DF8B /* PBXTargetDependency */,
			);
			name = BagheeraTests;
			productName = BagheeraTests;
			productReference = AE6F6D171C66243C0045DF8B /* BagheeraTests.xctest */;
			productType = "com.apple.product-type.bundle.unit-test";
		};
/* End PBXNativeTarget section */

/* Begin PBXProject section */
		AE6F6CAD1C661E220045DF8B /* Project object */ = {
			isa = PBXProject;
			attributes = {
				LastSwiftUpdateCheck = 0720;
				LastUpgradeCheck = 0720;
				ORGANIZATIONNAME = metodowhite;
				TargetAttributes = {
					AE6F6CB41C661E220045DF8B = {
						CreatedOnToolsVersion = 7.2.1;
					};
					AE6F6CC81C661E220045DF8B = {
						CreatedOnToolsVersion = 7.2.1;
						TestTargetID = AE6F6CB41C661E220045DF8B;
					};
					AE6F6CD31C661E220045DF8B = {
						CreatedOnToolsVersion = 7.2.1;
						TestTargetID = AE6F6CB41C661E220045DF8B;
					};
					AE6F6CEA1C6623B80045DF8B = {
						CreatedOnToolsVersion = 7.2.1;
					};
					AE6F6CF31C6623B80045DF8B = {
						CreatedOnToolsVersion = 7.2.1;
						TestTargetID = AE6F6CB41C661E220045DF8B;
					};
					AE6F6D0D1C66243C0045DF8B = {
						CreatedOnToolsVersion = 7.2.1;
					};
					AE6F6D161C66243C0045DF8B = {
						CreatedOnToolsVersion = 7.2.1;
						TestTargetID = AE6F6CB41C661E220045DF8B;
					};
				};
			};
			buildConfigurationList = AE6F6CB01C661E220045DF8B /* Build configuration list for PBXProject "Mowgli" */;
			compatibilityVersion = "Xcode 3.2";
			developmentRegion = English;
			hasScannedForEncodings = 0;
			knownRegions = (
				en,
				Base,
			);
			mainGroup = AE6F6CAC1C661E220045DF8B;
			productRefGroup = AE6F6CB61C661E220045DF8B /* Products */;
			projectDirPath = "";
			projectRoot = "";
			targets = (
				AE6F6CB41C661E220045DF8B /* Mowgli */,
				AE6F6CC81C661E220045DF8B /* MowgliTests */,
				AE6F6CD31C661E220045DF8B /* MowgliUITests */,
				AE6F6CEA1C6623B80045DF8B /* MowgliKit */,
				AE6F6CF31C6623B80045DF8B /* MowgliKitTests */,
				AE6F6D0D1C66243C0045DF8B /* Bagheera */,
				AE6F6D161C66243C0045DF8B /* BagheeraTests */,
			);
		};
/* End PBXProject section */

/* Begin PBXResourcesBuildPhase section */
		AE6F6CB31C661E220045DF8B /* Resources */ = {
			isa = PBXResourcesBuildPhase;
			buildActionMask = 2147483647;
			files = (
				AE6F6CC31C661E220045DF8B /* LaunchScreen.storyboard in Resources */,
				AE6F6CC01C661E220045DF8B /* Assets.xcassets in Resources */,
				AE6F6CBE1C661E220045DF8B /* Main.storyboard in Resources */,
			);
			runOnlyForDeploymentPostprocessing = 0;
		};
		AE6F6CC71C661E220045DF8B /* Resources */ = {
			isa = PBXResourcesBuildPhase;
			buildActionMask = 2147483647;
			files = (
			);
			runOnlyForDeploymentPostprocessing = 0;
		};
		AE6F6CD21C661E220045DF8B /* Resources */ = {
			isa = PBXResourcesBuildPhase;
			buildActionMask = 2147483647;
			files = (
			);
			runOnlyForDeploymentPostprocessing = 0;
		};
		AE6F6CE91C6623B80045DF8B /* Resources */ = {
			isa = PBXResourcesBuildPhase;
			buildActionMask = 2147483647;
			files = (
			);
			runOnlyForDeploymentPostprocessing = 0;
		};
		AE6F6CF21C6623B80045DF8B /* Resources */ = {
			isa = PBXResourcesBuildPhase;
			buildActionMask = 2147483647;
			files = (
			);
			runOnlyForDeploymentPostprocessing = 0;
		};
		AE6F6D0C1C66243C0045DF8B /* Resources */ = {
			isa = PBXResourcesBuildPhase;
			buildActionMask = 2147483647;
			files = (
			);
			runOnlyForDeploymentPostprocessing = 0;
		};
		AE6F6D151C66243C0045DF8B /* Resources */ = {
			isa = PBXResourcesBuildPhase;
			buildActionMask = 2147483647;
			files = (
			);
			runOnlyForDeploymentPostprocessing = 0;
		};
/* End PBXResourcesBuildPhase section */

/* Begin PBXShellScriptBuildPhase section */
		1E121B3E0E73B1F9EF9B16A3 /* Copy Pods Resources */ = {
			isa = PBXShellScriptBuildPhase;
			buildActionMask = 2147483647;
			files = (
			);
			inputPaths = (
			);
			name = "Copy Pods Resources";
			outputPaths = (
			);
			runOnlyForDeploymentPostprocessing = 0;
			shellPath = /bin/sh;
			shellScript = "\"${SRCROOT}/Pods/Target Support Files/Pods/Pods-resources.sh\"\n";
			showEnvVarsInLog = 0;
		};
		87B50034B4C88998ED93AD23 /* Check Pods Manifest.lock */ = {
			isa = PBXShellScriptBuildPhase;
			buildActionMask = 2147483647;
			files = (
			);
			inputPaths = (
			);
			name = "Check Pods Manifest.lock";
			outputPaths = (
			);
			runOnlyForDeploymentPostprocessing = 0;
			shellPath = /bin/sh;
			shellScript = "diff \"${PODS_ROOT}/../Podfile.lock\" \"${PODS_ROOT}/Manifest.lock\" > /dev/null\nif [[ $? != 0 ]] ; then\n    cat << EOM\nerror: The sandbox is not in sync with the Podfile.lock. Run 'pod install' or update your CocoaPods installation.\nEOM\n    exit 1\nfi\n";
			showEnvVarsInLog = 0;
		};
		E1A906CC186E68F85A2B22C5 /* Embed Pods Frameworks */ = {
			isa = PBXShellScriptBuildPhase;
			buildActionMask = 2147483647;
			files = (
			);
			inputPaths = (
			);
			name = "Embed Pods Frameworks";
			outputPaths = (
			);
			runOnlyForDeploymentPostprocessing = 0;
			shellPath = /bin/sh;
			shellScript = "\"${SRCROOT}/Pods/Target Support Files/Pods/Pods-frameworks.sh\"\n";
			showEnvVarsInLog = 0;
		};
/* End PBXShellScriptBuildPhase section */

/* Begin PBXSourcesBuildPhase section */
		AE6F6CB11C661E220045DF8B /* Sources */ = {
			isa = PBXSourcesBuildPhase;
			buildActionMask = 2147483647;
			files = (
				AE6F6CBB1C661E220045DF8B /* ViewController.swift in Sources */,
				AE6F6CB91C661E220045DF8B /* AppDelegate.swift in Sources */,
			);
			runOnlyForDeploymentPostprocessing = 0;
		};
		AE6F6CC51C661E220045DF8B /* Sources */ = {
			isa = PBXSourcesBuildPhase;
			buildActionMask = 2147483647;
			files = (
				AE6F6CCE1C661E220045DF8B /* MowgliTests.swift in Sources */,
			);
			runOnlyForDeploymentPostprocessing = 0;
		};
		AE6F6CD01C661E220045DF8B /* Sources */ = {
			isa = PBXSourcesBuildPhase;
			buildActionMask = 2147483647;
			files = (
				AE6F6CD91C661E220045DF8B /* MowgliUITests.swift in Sources */,
			);
			runOnlyForDeploymentPostprocessing = 0;
		};
		AE6F6CE61C6623B80045DF8B /* Sources */ = {
			isa = PBXSourcesBuildPhase;
			buildActionMask = 2147483647;
			files = (
			);
			runOnlyForDeploymentPostprocessing = 0;
		};
		AE6F6CF01C6623B80045DF8B /* Sources */ = {
			isa = PBXSourcesBuildPhase;
			buildActionMask = 2147483647;
			files = (
				AE6F6CFC1C6623B80045DF8B /* MowgliKitTests.swift in Sources */,
			);
			runOnlyForDeploymentPostprocessing = 0;
		};
		AE6F6D091C66243C0045DF8B /* Sources */ = {
			isa = PBXSourcesBuildPhase;
			buildActionMask = 2147483647;
			files = (
				AE6F6D2C1C6624920045DF8B /* BGHTMDbClient.swift in Sources */,
			);
			runOnlyForDeploymentPostprocessing = 0;
		};
		AE6F6D131C66243C0045DF8B /* Sources */ = {
			isa = PBXSourcesBuildPhase;
			buildActionMask = 2147483647;
			files = (
				AE6F6D1F1C66243C0045DF8B /* BagheeraTests.swift in Sources */,
			);
			runOnlyForDeploymentPostprocessing = 0;
		};
/* End PBXSourcesBuildPhase section */

/* Begin PBXTargetDependency section */
		AE6F6CCB1C661E220045DF8B /* PBXTargetDependency */ = {
			isa = PBXTargetDependency;
			target = AE6F6CB41C661E220045DF8B /* Mowgli */;
			targetProxy = AE6F6CCA1C661E220045DF8B /* PBXContainerItemProxy */;
		};
		AE6F6CD61C661E220045DF8B /* PBXTargetDependency */ = {
			isa = PBXTargetDependency;
			target = AE6F6CB41C661E220045DF8B /* Mowgli */;
			targetProxy = AE6F6CD51C661E220045DF8B /* PBXContainerItemProxy */;
		};
		AE6F6CF71C6623B80045DF8B /* PBXTargetDependency */ = {
			isa = PBXTargetDependency;
			target = AE6F6CEA1C6623B80045DF8B /* MowgliKit */;
			targetProxy = AE6F6CF61C6623B80045DF8B /* PBXContainerItemProxy */;
		};
		AE6F6CF91C6623B80045DF8B /* PBXTargetDependency */ = {
			isa = PBXTargetDependency;
			target = AE6F6CB41C661E220045DF8B /* Mowgli */;
			targetProxy = AE6F6CF81C6623B80045DF8B /* PBXContainerItemProxy */;
		};
		AE6F6CFF1C6623B80045DF8B /* PBXTargetDependency */ = {
			isa = PBXTargetDependency;
			target = AE6F6CEA1C6623B80045DF8B /* MowgliKit */;
			targetProxy = AE6F6CFE1C6623B80045DF8B /* PBXContainerItemProxy */;
		};
		AE6F6D1A1C66243C0045DF8B /* PBXTargetDependency */ = {
			isa = PBXTargetDependency;
			target = AE6F6D0D1C66243C0045DF8B /* Bagheera */;
			targetProxy = AE6F6D191C66243C0045DF8B /* PBXContainerItemProxy */;
		};
		AE6F6D1C1C66243C0045DF8B /* PBXTargetDependency */ = {
			isa = PBXTargetDependency;
			target = AE6F6CB41C661E220045DF8B /* Mowgli */;
			targetProxy = AE6F6D1B1C66243C0045DF8B /* PBXContainerItemProxy */;
		};
		AE6F6D221C66243C0045DF8B /* PBXTargetDependency */ = {
			isa = PBXTargetDependency;
			target = AE6F6D0D1C66243C0045DF8B /* Bagheera */;
			targetProxy = AE6F6D211C66243C0045DF8B /* PBXContainerItemProxy */;
		};
/* End PBXTargetDependency section */

/* Begin PBXVariantGroup section */
		AE6F6CBC1C661E220045DF8B /* Main.storyboard */ = {
			isa = PBXVariantGroup;
			children = (
				AE6F6CBD1C661E220045DF8B /* Base */,
			);
			name = Main.storyboard;
			sourceTree = "<group>";
		};
		AE6F6CC11C661E220045DF8B /* LaunchScreen.storyboard */ = {
			isa = PBXVariantGroup;
			children = (
				AE6F6CC21C661E220045DF8B /* Base */,
			);
			name = LaunchScreen.storyboard;
			sourceTree = "<group>";
		};
/* End PBXVariantGroup section */

/* Begin XCBuildConfiguration section */
		AE6F6CDB1C661E220045DF8B /* Debug */ = {
			isa = XCBuildConfiguration;
			buildSettings = {
				ALWAYS_SEARCH_USER_PATHS = NO;
				CLANG_CXX_LANGUAGE_STANDARD = "gnu++0x";
				CLANG_CXX_LIBRARY = "libc++";
				CLANG_ENABLE_MODULES = YES;
				CLANG_ENABLE_OBJC_ARC = YES;
				CLANG_WARN_BOOL_CONVERSION = YES;
				CLANG_WARN_CONSTANT_CONVERSION = YES;
				CLANG_WARN_DIRECT_OBJC_ISA_USAGE = YES_ERROR;
				CLANG_WARN_EMPTY_BODY = YES;
				CLANG_WARN_ENUM_CONVERSION = YES;
				CLANG_WARN_INT_CONVERSION = YES;
				CLANG_WARN_OBJC_ROOT_CLASS = YES_ERROR;
				CLANG_WARN_UNREACHABLE_CODE = YES;
				CLANG_WARN__DUPLICATE_METHOD_MATCH = YES;
				"CODE_SIGN_IDENTITY[sdk=iphoneos*]" = "iPhone Developer";
				COPY_PHASE_STRIP = NO;
				DEBUG_INFORMATION_FORMAT = dwarf;
				ENABLE_STRICT_OBJC_MSGSEND = YES;
				ENABLE_TESTABILITY = YES;
				GCC_C_LANGUAGE_STANDARD = gnu99;
				GCC_DYNAMIC_NO_PIC = NO;
				GCC_NO_COMMON_BLOCKS = YES;
				GCC_OPTIMIZATION_LEVEL = 0;
				GCC_PREPROCESSOR_DEFINITIONS = (
					"DEBUG=1",
					"$(inherited)",
				);
				GCC_WARN_64_TO_32_BIT_CONVERSION = YES;
				GCC_WARN_ABOUT_RETURN_TYPE = YES_ERROR;
				GCC_WARN_UNDECLARED_SELECTOR = YES;
				GCC_WARN_UNINITIALIZED_AUTOS = YES_AGGRESSIVE;
				GCC_WARN_UNUSED_FUNCTION = YES;
				GCC_WARN_UNUSED_VARIABLE = YES;
				IPHONEOS_DEPLOYMENT_TARGET = 9.2;
				MTL_ENABLE_DEBUG_INFO = YES;
				ONLY_ACTIVE_ARCH = YES;
				SDKROOT = iphoneos;
				SWIFT_OPTIMIZATION_LEVEL = "-Onone";
				TARGETED_DEVICE_FAMILY = "1,2";
			};
			name = Debug;
		};
		AE6F6CDC1C661E220045DF8B /* Release */ = {
			isa = XCBuildConfiguration;
			buildSettings = {
				ALWAYS_SEARCH_USER_PATHS = NO;
				CLANG_CXX_LANGUAGE_STANDARD = "gnu++0x";
				CLANG_CXX_LIBRARY = "libc++";
				CLANG_ENABLE_MODULES = YES;
				CLANG_ENABLE_OBJC_ARC = YES;
				CLANG_WARN_BOOL_CONVERSION = YES;
				CLANG_WARN_CONSTANT_CONVERSION = YES;
				CLANG_WARN_DIRECT_OBJC_ISA_USAGE = YES_ERROR;
				CLANG_WARN_EMPTY_BODY = YES;
				CLANG_WARN_ENUM_CONVERSION = YES;
				CLANG_WARN_INT_CONVERSION = YES;
				CLANG_WARN_OBJC_ROOT_CLASS = YES_ERROR;
				CLANG_WARN_UNREACHABLE_CODE = YES;
				CLANG_WARN__DUPLICATE_METHOD_MATCH = YES;
				"CODE_SIGN_IDENTITY[sdk=iphoneos*]" = "iPhone Developer";
				COPY_PHASE_STRIP = NO;
				DEBUG_INFORMATION_FORMAT = "dwarf-with-dsym";
				ENABLE_NS_ASSERTIONS = NO;
				ENABLE_STRICT_OBJC_MSGSEND = YES;
				GCC_C_LANGUAGE_STANDARD = gnu99;
				GCC_NO_COMMON_BLOCKS = YES;
				GCC_WARN_64_TO_32_BIT_CONVERSION = YES;
				GCC_WARN_ABOUT_RETURN_TYPE = YES_ERROR;
				GCC_WARN_UNDECLARED_SELECTOR = YES;
				GCC_WARN_UNINITIALIZED_AUTOS = YES_AGGRESSIVE;
				GCC_WARN_UNUSED_FUNCTION = YES;
				GCC_WARN_UNUSED_VARIABLE = YES;
				IPHONEOS_DEPLOYMENT_TARGET = 9.2;
				MTL_ENABLE_DEBUG_INFO = NO;
				SDKROOT = iphoneos;
				TARGETED_DEVICE_FAMILY = "1,2";
				VALIDATE_PRODUCT = YES;
			};
			name = Release;
		};
		AE6F6CDE1C661E220045DF8B /* Debug */ = {
			isa = XCBuildConfiguration;
			baseConfigurationReference = BC4004A5338AD63E0182CCB8 /* Pods.debug.xcconfig */;
			buildSettings = {
				ASSETCATALOG_COMPILER_APPICON_NAME = AppIcon;
				INFOPLIST_FILE = Mowgli/Info.plist;
				LD_RUNPATH_SEARCH_PATHS = "$(inherited) @executable_path/Frameworks";
				PRODUCT_BUNDLE_IDENTIFIER = com.metodowhite.Mowgli;
				PRODUCT_NAME = "$(TARGET_NAME)";
			};
			name = Debug;
		};
		AE6F6CDF1C661E220045DF8B /* Release */ = {
			isa = XCBuildConfiguration;
			baseConfigurationReference = D4DB576A3CFDB62151160258 /* Pods.release.xcconfig */;
			buildSettings = {
				ASSETCATALOG_COMPILER_APPICON_NAME = AppIcon;
				INFOPLIST_FILE = Mowgli/Info.plist;
				LD_RUNPATH_SEARCH_PATHS = "$(inherited) @executable_path/Frameworks";
				PRODUCT_BUNDLE_IDENTIFIER = com.metodowhite.Mowgli;
				PRODUCT_NAME = "$(TARGET_NAME)";
			};
			name = Release;
		};
		AE6F6CE11C661E220045DF8B /* Debug */ = {
			isa = XCBuildConfiguration;
			buildSettings = {
				BUNDLE_LOADER = "$(TEST_HOST)";
				INFOPLIST_FILE = MowgliTests/Info.plist;
				LD_RUNPATH_SEARCH_PATHS = "$(inherited) @executable_path/Frameworks @loader_path/Frameworks";
				PRODUCT_BUNDLE_IDENTIFIER = com.metodowhite.MowgliTests;
				PRODUCT_NAME = "$(TARGET_NAME)";
				TEST_HOST = "$(BUILT_PRODUCTS_DIR)/Mowgli.app/Mowgli";
			};
			name = Debug;
		};
		AE6F6CE21C661E220045DF8B /* Release */ = {
			isa = XCBuildConfiguration;
			buildSettings = {
				BUNDLE_LOADER = "$(TEST_HOST)";
				INFOPLIST_FILE = MowgliTests/Info.plist;
				LD_RUNPATH_SEARCH_PATHS = "$(inherited) @executable_path/Frameworks @loader_path/Frameworks";
				PRODUCT_BUNDLE_IDENTIFIER = com.metodowhite.MowgliTests;
				PRODUCT_NAME = "$(TARGET_NAME)";
				TEST_HOST = "$(BUILT_PRODUCTS_DIR)/Mowgli.app/Mowgli";
			};
			name = Release;
		};
		AE6F6CE41C661E220045DF8B /* Debug */ = {
			isa = XCBuildConfiguration;
			buildSettings = {
				INFOPLIST_FILE = MowgliUITests/Info.plist;
				LD_RUNPATH_SEARCH_PATHS = "$(inherited) @executable_path/Frameworks @loader_path/Frameworks";
				PRODUCT_BUNDLE_IDENTIFIER = com.metodowhite.MowgliUITests;
				PRODUCT_NAME = "$(TARGET_NAME)";
				TEST_TARGET_NAME = Mowgli;
				USES_XCTRUNNER = YES;
			};
			name = Debug;
		};
		AE6F6CE51C661E220045DF8B /* Release */ = {
			isa = XCBuildConfiguration;
			buildSettings = {
				INFOPLIST_FILE = MowgliUITests/Info.plist;
				LD_RUNPATH_SEARCH_PATHS = "$(inherited) @executable_path/Frameworks @loader_path/Frameworks";
				PRODUCT_BUNDLE_IDENTIFIER = com.metodowhite.MowgliUITests;
				PRODUCT_NAME = "$(TARGET_NAME)";
				TEST_TARGET_NAME = Mowgli;
				USES_XCTRUNNER = YES;
			};
			name = Release;
		};
		AE6F6D021C6623B80045DF8B /* Debug */ = {
			isa = XCBuildConfiguration;
			buildSettings = {
				CURRENT_PROJECT_VERSION = 1;
				DEFINES_MODULE = YES;
				DYLIB_COMPATIBILITY_VERSION = 1;
				DYLIB_CURRENT_VERSION = 1;
				DYLIB_INSTALL_NAME_BASE = "@rpath";
				INFOPLIST_FILE = MowgliKit/Info.plist;
				INSTALL_PATH = "$(LOCAL_LIBRARY_DIR)/Frameworks";
				LD_RUNPATH_SEARCH_PATHS = "$(inherited) @executable_path/Frameworks @loader_path/Frameworks";
				PRODUCT_BUNDLE_IDENTIFIER = com.metodowhite.MowgliKit;
				PRODUCT_NAME = "$(TARGET_NAME)";
				SKIP_INSTALL = YES;
				VERSIONING_SYSTEM = "apple-generic";
				VERSION_INFO_PREFIX = "";
			};
			name = Debug;
		};
		AE6F6D031C6623B80045DF8B /* Release */ = {
			isa = XCBuildConfiguration;
			buildSettings = {
				CURRENT_PROJECT_VERSION = 1;
				DEFINES_MODULE = YES;
				DYLIB_COMPATIBILITY_VERSION = 1;
				DYLIB_CURRENT_VERSION = 1;
				DYLIB_INSTALL_NAME_BASE = "@rpath";
				INFOPLIST_FILE = MowgliKit/Info.plist;
				INSTALL_PATH = "$(LOCAL_LIBRARY_DIR)/Frameworks";
				LD_RUNPATH_SEARCH_PATHS = "$(inherited) @executable_path/Frameworks @loader_path/Frameworks";
				PRODUCT_BUNDLE_IDENTIFIER = com.metodowhite.MowgliKit;
				PRODUCT_NAME = "$(TARGET_NAME)";
				SKIP_INSTALL = YES;
				VERSIONING_SYSTEM = "apple-generic";
				VERSION_INFO_PREFIX = "";
			};
			name = Release;
		};
		AE6F6D041C6623B80045DF8B /* Debug */ = {
			isa = XCBuildConfiguration;
			buildSettings = {
				INFOPLIST_FILE = MowgliKitTests/Info.plist;
				LD_RUNPATH_SEARCH_PATHS = "$(inherited) @executable_path/Frameworks @loader_path/Frameworks";
				PRODUCT_BUNDLE_IDENTIFIER = com.metodowhite.MowgliKitTests;
				PRODUCT_NAME = "$(TARGET_NAME)";
				TEST_HOST = "$(BUILT_PRODUCTS_DIR)/Mowgli.app/Mowgli";
			};
			name = Debug;
		};
		AE6F6D051C6623B80045DF8B /* Release */ = {
			isa = XCBuildConfiguration;
			buildSettings = {
				INFOPLIST_FILE = MowgliKitTests/Info.plist;
				LD_RUNPATH_SEARCH_PATHS = "$(inherited) @executable_path/Frameworks @loader_path/Frameworks";
				PRODUCT_BUNDLE_IDENTIFIER = com.metodowhite.MowgliKitTests;
				PRODUCT_NAME = "$(TARGET_NAME)";
				TEST_HOST = "$(BUILT_PRODUCTS_DIR)/Mowgli.app/Mowgli";
			};
			name = Release;
		};
		AE6F6D261C66243C0045DF8B /* Debug */ = {
			isa = XCBuildConfiguration;
			buildSettings = {
				CLANG_ENABLE_MODULES = YES;
				CURRENT_PROJECT_VERSION = 1;
				DEFINES_MODULE = YES;
				DYLIB_COMPATIBILITY_VERSION = 1;
				DYLIB_CURRENT_VERSION = 1;
				DYLIB_INSTALL_NAME_BASE = "@rpath";
				INFOPLIST_FILE = Bagheera/Info.plist;
				INSTALL_PATH = "$(LOCAL_LIBRARY_DIR)/Frameworks";
				LD_RUNPATH_SEARCH_PATHS = "$(inherited) @executable_path/Frameworks @loader_path/Frameworks";
				PRODUCT_BUNDLE_IDENTIFIER = com.metodowhite.Bagheera;
				PRODUCT_NAME = "$(TARGET_NAME)";
				SKIP_INSTALL = YES;
				SWIFT_OPTIMIZATION_LEVEL = "-Onone";
				VERSIONING_SYSTEM = "apple-generic";
				VERSION_INFO_PREFIX = "";
			};
			name = Debug;
		};
		AE6F6D271C66243C0045DF8B /* Release */ = {
			isa = XCBuildConfiguration;
			buildSettings = {
				CLANG_ENABLE_MODULES = YES;
				CURRENT_PROJECT_VERSION = 1;
				DEFINES_MODULE = YES;
				DYLIB_COMPATIBILITY_VERSION = 1;
				DYLIB_CURRENT_VERSION = 1;
				DYLIB_INSTALL_NAME_BASE = "@rpath";
				INFOPLIST_FILE = Bagheera/Info.plist;
				INSTALL_PATH = "$(LOCAL_LIBRARY_DIR)/Frameworks";
				LD_RUNPATH_SEARCH_PATHS = "$(inherited) @executable_path/Frameworks @loader_path/Frameworks";
				PRODUCT_BUNDLE_IDENTIFIER = com.metodowhite.Bagheera;
				PRODUCT_NAME = "$(TARGET_NAME)";
				SKIP_INSTALL = YES;
				VERSIONING_SYSTEM = "apple-generic";
				VERSION_INFO_PREFIX = "";
			};
			name = Release;
		};
		AE6F6D291C66243C0045DF8B /* Debug */ = {
			isa = XCBuildConfiguration;
			buildSettings = {
				INFOPLIST_FILE = BagheeraTests/Info.plist;
				LD_RUNPATH_SEARCH_PATHS = "$(inherited) @executable_path/Frameworks @loader_path/Frameworks";
				PRODUCT_BUNDLE_IDENTIFIER = com.metodowhite.BagheeraTests;
				PRODUCT_NAME = "$(TARGET_NAME)";
				TEST_HOST = "$(BUILT_PRODUCTS_DIR)/Mowgli.app/Mowgli";
			};
			name = Debug;
		};
		AE6F6D2A1C66243C0045DF8B /* Release */ = {
			isa = XCBuildConfiguration;
			buildSettings = {
				INFOPLIST_FILE = BagheeraTests/Info.plist;
				LD_RUNPATH_SEARCH_PATHS = "$(inherited) @executable_path/Frameworks @loader_path/Frameworks";
				PRODUCT_BUNDLE_IDENTIFIER = com.metodowhite.BagheeraTests;
				PRODUCT_NAME = "$(TARGET_NAME)";
				TEST_HOST = "$(BUILT_PRODUCTS_DIR)/Mowgli.app/Mowgli";
			};
			name = Release;
		};
/* End XCBuildConfiguration section */

/* Begin XCConfigurationList section */
		AE6F6CB01C661E220045DF8B /* Build configuration list for PBXProject "Mowgli" */ = {
			isa = XCConfigurationList;
			buildConfigurations = (
				AE6F6CDB1C661E220045DF8B /* Debug */,
				AE6F6CDC1C661E220045DF8B /* Release */,
			);
			defaultConfigurationIsVisible = 0;
			defaultConfigurationName = Release;
		};
		AE6F6CDD1C661E220045DF8B /* Build configuration list for PBXNativeTarget "Mowgli" */ = {
			isa = XCConfigurationList;
			buildConfigurations = (
				AE6F6CDE1C661E220045DF8B /* Debug */,
				AE6F6CDF1C661E220045DF8B /* Release */,
			);
			defaultConfigurationIsVisible = 0;
			defaultConfigurationName = Release;
		};
		AE6F6CE01C661E220045DF8B /* Build configuration list for PBXNativeTarget "MowgliTests" */ = {
			isa = XCConfigurationList;
			buildConfigurations = (
				AE6F6CE11C661E220045DF8B /* Debug */,
				AE6F6CE21C661E220045DF8B /* Release */,
			);
			defaultConfigurationIsVisible = 0;
			defaultConfigurationName = Release;
		};
		AE6F6CE31C661E220045DF8B /* Build configuration list for PBXNativeTarget "MowgliUITests" */ = {
			isa = XCConfigurationList;
			buildConfigurations = (
				AE6F6CE41C661E220045DF8B /* Debug */,
				AE6F6CE51C661E220045DF8B /* Release */,
			);
			defaultConfigurationIsVisible = 0;
			defaultConfigurationName = Release;
		};
		AE6F6D061C6623B80045DF8B /* Build configuration list for PBXNativeTarget "MowgliKit" */ = {
			isa = XCConfigurationList;
			buildConfigurations = (
				AE6F6D021C6623B80045DF8B /* Debug */,
				AE6F6D031C6623B80045DF8B /* Release */,
			);
			defaultConfigurationIsVisible = 0;
			defaultConfigurationName = Release;
		};
		AE6F6D081C6623B80045DF8B /* Build configuration list for PBXNativeTarget "MowgliKitTests" */ = {
			isa = XCConfigurationList;
			buildConfigurations = (
				AE6F6D041C6623B80045DF8B /* Debug */,
				AE6F6D051C6623B80045DF8B /* Release */,
			);
			defaultConfigurationIsVisible = 0;
			defaultConfigurationName = Release;
		};
		AE6F6D251C66243C0045DF8B /* Build configuration list for PBXNativeTarget "Bagheera" */ = {
			isa = XCConfigurationList;
			buildConfigurations = (
				AE6F6D261C66243C0045DF8B /* Debug */,
				AE6F6D271C66243C0045DF8B /* Release */,
			);
			defaultConfigurationIsVisible = 0;
			defaultConfigurationName = Release;
		};
		AE6F6D281C66243C0045DF8B /* Build configuration list for PBXNativeTarget "BagheeraTests" */ = {
			isa = XCConfigurationList;
			buildConfigurations = (
				AE6F6D291C66243C0045DF8B /* Debug */,
				AE6F6D2A1C66243C0045DF8B /* Release */,
			);
			defaultConfigurationIsVisible = 0;
			defaultConfigurationName = Release;
		};
/* End XCConfigurationList section */
	};
	rootObject = AE6F6CAD1C661E220045DF8B /* Project object */;
}
